{
    "version": 3,
    "terraform_version": "0.7.4",
    "serial": 639,
    "lineage": "f9cf9d9d-54c8-406e-a95b-858d180dbf92",
    "modules": [
        {
            "path": [
                "root"
            ],
            "outputs": {},
            "resources": {
                "aws_autoscaling_group.corporate": {
                    "type": "aws_autoscaling_group",
                    "depends_on": [
                        "aws_elb.corporate",
                        "aws_launch_configuration.corporate",
                        "aws_subnet.corporate-a",
                        "aws_subnet.corporate-b"
                    ],
                    "primary": {
                        "id": "corporate",
                        "attributes": {
                            "arn": "arn:aws:autoscaling:eu-central-1:775034650473:autoScalingGroup:7059f83f-979f-4ef4-b4a7-f5c5a00d59f3:autoScalingGroupName/corporate",
                            "availability_zones.#": "2",
                            "availability_zones.1126047633": "eu-central-1a",
                            "availability_zones.3658960427": "eu-central-1b",
                            "default_cooldown": "300",
                            "desired_capacity": "1",
                            "force_delete": "false",
                            "health_check_grace_period": "60",
                            "health_check_type": "EC2",
                            "id": "corporate",
                            "launch_configuration": "terraform-qmz5c2ep2zampdplpwnh6n5o6e",
                            "load_balancers.#": "1",
                            "load_balancers.831572642": "corporate-prod",
                            "max_size": "6",
                            "metrics_granularity": "1Minute",
                            "min_size": "1",
                            "name": "corporate",
                            "placement_group": "",
                            "protect_from_scale_in": "false",
                            "tag.#": "3",
                            "tag.1701872992.key": "tapglue_installer",
                            "tag.1701872992.propagate_at_launch": "true",
                            "tag.1701872992.value": "corporate",
                            "tag.2536029363.key": "Name",
                            "tag.2536029363.propagate_at_launch": "true",
                            "tag.2536029363.value": "corporate",
                            "tag.2963063136.key": "installer_channel",
                            "tag.2963063136.propagate_at_launch": "true",
                            "tag.2963063136.value": "prod",
                            "target_group_arns.#": "0",
                            "termination_policies.#": "3",
                            "termination_policies.0": "OldestInstance",
                            "termination_policies.1": "OldestLaunchConfiguration",
                            "termination_policies.2": "ClosestToNextInstanceHour",
                            "vpc_zone_identifier.#": "2",
                            "vpc_zone_identifier.224137575": "subnet-b6815dcd",
                            "vpc_zone_identifier.2808071876": "subnet-3dbd0154",
                            "wait_for_capacity_timeout": "10m"
                        },
                        "meta": {},
                        "tainted": false
                    },
                    "deposed": [],
                    "provider": ""
                },
                "aws_autoscaling_group.frontend": {
                    "type": "aws_autoscaling_group",
                    "depends_on": [
                        "aws_elb.frontend",
                        "aws_launch_configuration.frontend",
                        "aws_subnet.frontend-a",
                        "aws_subnet.frontend-b"
                    ],
                    "primary": {
                        "id": "frontend",
                        "attributes": {
                            "arn": "arn:aws:autoscaling:eu-central-1:775034650473:autoScalingGroup:6c964fce-cfb7-413c-ab73-3361665d1ce4:autoScalingGroupName/frontend",
                            "availability_zones.#": "2",
                            "availability_zones.1126047633": "eu-central-1a",
                            "availability_zones.3658960427": "eu-central-1b",
                            "default_cooldown": "300",
                            "desired_capacity": "0",
                            "force_delete": "false",
                            "health_check_grace_period": "60",
                            "health_check_type": "ELB",
                            "id": "frontend",
                            "launch_configuration": "terraform-zszmbf42s5hqjahj4jlbvdwupi",
                            "load_balancers.#": "1",
                            "load_balancers.3038275995": "frontend-prod",
                            "max_size": "30",
                            "metrics_granularity": "1Minute",
                            "min_size": "0",
                            "name": "frontend",
                            "placement_group": "",
                            "protect_from_scale_in": "false",
                            "tag.#": "4",
                            "tag.2169015490.key": "Name",
                            "tag.2169015490.propagate_at_launch": "true",
                            "tag.2169015490.value": "frontend",
                            "tag.2963063136.key": "installer_channel",
                            "tag.2963063136.propagate_at_launch": "true",
                            "tag.2963063136.value": "prod",
                            "tag.3301151210.key": "intaker_target",
                            "tag.3301151210.propagate_at_launch": "true",
                            "tag.3301151210.value": "redis",
                            "tag.4214263898.key": "tapglue_installer",
                            "tag.4214263898.propagate_at_launch": "true",
                            "tag.4214263898.value": "intaker",
                            "target_group_arns.#": "0",
                            "termination_policies.#": "3",
                            "termination_policies.0": "OldestInstance",
                            "termination_policies.1": "OldestLaunchConfiguration",
                            "termination_policies.2": "ClosestToNextInstanceHour",
                            "vpc_zone_identifier.#": "2",
                            "vpc_zone_identifier.1035543327": "subnet-b3815dc8",
                            "vpc_zone_identifier.3738089153": "subnet-3fbd0156",
                            "wait_for_capacity_timeout": "10m"
                        },
                        "meta": {},
                        "tainted": false
                    },
                    "deposed": [],
                    "provider": ""
                },
                "aws_autoscaling_group.service": {
                    "type": "aws_autoscaling_group",
                    "depends_on": [
                        "aws_elb.dashboard",
                        "aws_elb.gateway-http",
                        "aws_launch_configuration.service",
                        "aws_subnet.frontend-a",
                        "aws_subnet.frontend-b"
                    ],
                    "primary": {
                        "id": "service",
                        "attributes": {
                            "arn": "arn:aws:autoscaling:eu-central-1:775034650473:autoScalingGroup:61601d03-11e9-4eca-81af-696a2e50f8fa:autoScalingGroupName/service",
                            "availability_zones.#": "2",
                            "availability_zones.1126047633": "eu-central-1a",
                            "availability_zones.3658960427": "eu-central-1b",
                            "default_cooldown": "300",
                            "desired_capacity": "3",
                            "force_delete": "false",
                            "health_check_grace_period": "60",
                            "health_check_type": "EC2",
                            "id": "service",
                            "launch_configuration": "terraform-tdcbhtz3evbktdubx4dav3j5yq",
                            "load_balancers.#": "2",
                            "load_balancers.1553268728": "dashboard",
                            "load_balancers.1996968403": "gateway-http",
                            "max_size": "30",
                            "metrics_granularity": "1Minute",
                            "min_size": "2",
                            "name": "service",
                            "placement_group": "",
                            "protect_from_scale_in": "false",
                            "tag.#": "1",
                            "tag.4010916442.key": "Name",
                            "tag.4010916442.propagate_at_launch": "true",
                            "tag.4010916442.value": "service",
                            "target_group_arns.#": "0",
                            "termination_policies.#": "3",
                            "termination_policies.0": "OldestInstance",
                            "termination_policies.1": "OldestLaunchConfiguration",
                            "termination_policies.2": "ClosestToNextInstanceHour",
                            "vpc_zone_identifier.#": "2",
                            "vpc_zone_identifier.1035543327": "subnet-b3815dc8",
                            "vpc_zone_identifier.3738089153": "subnet-3fbd0156",
                            "wait_for_capacity_timeout": "10m"
                        },
                        "meta": {},
                        "tainted": false
                    },
                    "deposed": [],
                    "provider": ""
                },
                "aws_autoscaling_notification.autoscaling": {
                    "type": "aws_autoscaling_notification",
                    "depends_on": [
                        "aws_autoscaling_group.frontend",
                        "aws_sns_topic.autoscaling"
                    ],
                    "primary": {
                        "id": "arn:aws:sns:eu-central-1:775034650473:autoscaling",
                        "attributes": {
                            "group_names.#": "1",
                            "group_names.3423674012": "frontend",
                            "id": "arn:aws:sns:eu-central-1:775034650473:autoscaling",
                            "notifications.#": "4",
                            "notifications.3116970575": "autoscaling:EC2_INSTANCE_TERMINATE",
                            "notifications.3298075921": "autoscaling:EC2_INSTANCE_TERMINATE_ERROR",
                            "notifications.4098158487": "autoscaling:EC2_INSTANCE_LAUNCH",
                            "notifications.753791182": "autoscaling:EC2_INSTANCE_LAUNCH_ERROR",
                            "topic_arn": "arn:aws:sns:eu-central-1:775034650473:autoscaling"
                        },
                        "meta": {},
                        "tainted": false
                    },
                    "deposed": [],
                    "provider": ""
                },
                "aws_autoscaling_policy.corporate-decrease-on-load": {
                    "type": "aws_autoscaling_policy",
                    "depends_on": [
                        "aws_autoscaling_group.corporate"
                    ],
                    "primary": {
                        "id": "corporate-decrease-on-load",
                        "attributes": {
                            "adjustment_type": "PercentChangeInCapacity",
                            "arn": "arn:aws:autoscaling:eu-central-1:775034650473:scalingPolicy:f8171f4d-dac6-442f-8eb1-4f8c4315ca4d:autoScalingGroupName/corporate:policyName/corporate-decrease-on-load",
                            "autoscaling_group_name": "corporate",
                            "cooldown": "60",
                            "estimated_instance_warmup": "0",
                            "id": "corporate-decrease-on-load",
                            "metric_aggregation_type": "",
                            "min_adjustment_magnitude": "0",
                            "min_adjustment_step": "0",
                            "name": "corporate-decrease-on-load",
                            "policy_type": "SimpleScaling",
                            "scaling_adjustment": "10",
                            "step_adjustment.#": "0"
                        },
                        "meta": {},
                        "tainted": false
                    },
                    "deposed": [],
                    "provider": ""
                },
                "aws_autoscaling_policy.corporate-increase-on-load": {
                    "type": "aws_autoscaling_policy",
                    "depends_on": [
                        "aws_autoscaling_group.corporate"
                    ],
                    "primary": {
                        "id": "corporate-increase-on-load",
                        "attributes": {
                            "adjustment_type": "PercentChangeInCapacity",
                            "arn": "arn:aws:autoscaling:eu-central-1:775034650473:scalingPolicy:f8d0ad64-27f0-4df7-a1f0-a03dae34dd1f:autoScalingGroupName/corporate:policyName/corporate-increase-on-load",
                            "autoscaling_group_name": "corporate",
                            "cooldown": "60",
                            "estimated_instance_warmup": "0",
                            "id": "corporate-increase-on-load",
                            "metric_aggregation_type": "",
                            "min_adjustment_magnitude": "0",
                            "min_adjustment_step": "0",
                            "name": "corporate-increase-on-load",
                            "policy_type": "SimpleScaling",
                            "scaling_adjustment": "10",
                            "step_adjustment.#": "0"
                        },
                        "meta": {},
                        "tainted": false
                    },
                    "deposed": [],
                    "provider": ""
                },
                "aws_autoscaling_policy.frontend-decrease-on-load": {
                    "type": "aws_autoscaling_policy",
                    "depends_on": [
                        "aws_autoscaling_group.frontend"
                    ],
                    "primary": {
                        "id": "frontend-decrease-on-load",
                        "attributes": {
                            "adjustment_type": "PercentChangeInCapacity",
                            "arn": "arn:aws:autoscaling:eu-central-1:775034650473:scalingPolicy:9df0ffe8-1ace-47f5-9603-0f17809d79e1:autoScalingGroupName/frontend:policyName/frontend-decrease-on-load",
                            "autoscaling_group_name": "frontend",
                            "cooldown": "60",
                            "estimated_instance_warmup": "0",
                            "id": "frontend-decrease-on-load",
                            "metric_aggregation_type": "",
                            "min_adjustment_magnitude": "0",
                            "min_adjustment_step": "0",
                            "name": "frontend-decrease-on-load",
                            "policy_type": "SimpleScaling",
                            "scaling_adjustment": "-10",
                            "step_adjustment.#": "0"
                        },
                        "meta": {},
                        "tainted": false
                    },
                    "deposed": [],
                    "provider": ""
                },
                "aws_autoscaling_policy.frontend-increase-on-load": {
                    "type": "aws_autoscaling_policy",
                    "depends_on": [
                        "aws_autoscaling_group.frontend"
                    ],
                    "primary": {
                        "id": "frontend-increase-on-load",
                        "attributes": {
                            "adjustment_type": "PercentChangeInCapacity",
                            "arn": "arn:aws:autoscaling:eu-central-1:775034650473:scalingPolicy:4daa8b8b-4fae-4034-9d76-a9930b2578f4:autoScalingGroupName/frontend:policyName/frontend-increase-on-load",
                            "autoscaling_group_name": "frontend",
                            "cooldown": "60",
                            "estimated_instance_warmup": "0",
                            "id": "frontend-increase-on-load",
                            "metric_aggregation_type": "",
                            "min_adjustment_magnitude": "0",
                            "min_adjustment_step": "0",
                            "name": "frontend-increase-on-load",
                            "policy_type": "SimpleScaling",
                            "scaling_adjustment": "10",
                            "step_adjustment.#": "0"
                        },
                        "meta": {},
                        "tainted": false
                    },
                    "deposed": [],
                    "provider": ""
                },
                "aws_db_instance.corp-master": {
                    "type": "aws_db_instance",
                    "depends_on": [
                        "aws_db_subnet_group.corp-prod",
                        "aws_security_group.platform"
                    ],
                    "primary": {
                        "id": "tapglue-corp-master",
                        "attributes": {
                            "address": "tapglue-corp-master.cjbsar0saq0y.eu-central-1.rds.amazonaws.com",
                            "allocated_storage": "5",
                            "arn": "arn:aws:rds:eu-central-1:775034650473:db:tapglue-corp-master",
                            "auto_minor_version_upgrade": "true",
                            "availability_zone": "eu-central-1a",
                            "backup_retention_period": "7",
                            "backup_window": "04:00-04:30",
                            "copy_tags_to_snapshot": "false",
                            "db_subnet_group_name": "corp-prod",
                            "endpoint": "tapglue-corp-master.cjbsar0saq0y.eu-central-1.rds.amazonaws.com:3306",
                            "engine": "mysql",
                            "engine_version": "5.6.27",
                            "id": "tapglue-corp-master",
                            "identifier": "tapglue-corp-master",
                            "instance_class": "db.t2.small",
                            "iops": "0",
                            "kms_key_id": "",
                            "license_model": "general-public-license",
                            "maintenance_window": "sat:05:00-sat:06:30",
                            "monitoring_interval": "0",
                            "multi_az": "true",
                            "name": "tapglue",
                            "option_group_name": "default:mysql-5-6",
                            "parameter_group_name": "default.mysql5.6",
                            "password": "AFsswsOUf6sdPnBt4T7RwFYbirr4N7fdFDz8bf",
                            "port": "3306",
                            "publicly_accessible": "false",
                            "replicas.#": "0",
                            "replicate_source_db": "",
                            "security_group_names.#": "0",
                            "skip_final_snapshot": "true",
                            "status": "available",
                            "storage_encrypted": "false",
                            "storage_type": "standard",
                            "tags.%": "0",
                            "username": "tapglue",
                            "vpc_security_group_ids.#": "1",
                            "vpc_security_group_ids.208199950": "sg-83eb84ea"
                        },
                        "meta": {},
                        "tainted": false
                    },
                    "deposed": [],
                    "provider": ""
                },
                "aws_db_instance.master": {
                    "type": "aws_db_instance",
                    "depends_on": [
                        "aws_db_parameter_group.master-prod",
                        "aws_db_subnet_group.prod",
                        "aws_security_group.platform"
                    ],
                    "primary": {
                        "id": "tapglue-master",
                        "attributes": {
                            "address": "tapglue-master.cjbsar0saq0y.eu-central-1.rds.amazonaws.com",
                            "allocated_storage": "200",
                            "apply_immediately": "true",
                            "arn": "arn:aws:rds:eu-central-1:775034650473:db:tapglue-master",
                            "auto_minor_version_upgrade": "true",
                            "availability_zone": "eu-central-1b",
                            "backup_retention_period": "30",
                            "backup_window": "00:00-01:30",
                            "copy_tags_to_snapshot": "false",
                            "db_subnet_group_name": "prod",
                            "endpoint": "tapglue-master.cjbsar0saq0y.eu-central-1.rds.amazonaws.com:5432",
                            "engine": "postgres",
                            "engine_version": "9.4.7",
                            "id": "tapglue-master",
                            "identifier": "tapglue-master",
                            "instance_class": "db.r3.large",
                            "iops": "1000",
                            "kms_key_id": "arn:aws:kms:eu-central-1:775034650473:key/43ce088b-c0da-45a7-85cf-ae3d1bb3fbd2",
                            "license_model": "postgresql-license",
                            "maintenance_window": "tue:02:00-tue:03:00",
                            "monitoring_interval": "1",
                            "monitoring_role_arn": "arn:aws:iam::775034650473:role/rds-monitoring-role",
                            "multi_az": "true",
                            "name": "tapglue",
                            "option_group_name": "default:postgres-9-4",
                            "parameter_group_name": "master-prod",
                            "password": "gFthJy858iXOIA3IM0GARIuFYdIWkeCHJc0vto",
                            "port": "5432",
                            "publicly_accessible": "false",
                            "replicas.#": "0",
                            "replicate_source_db": "",
                            "security_group_names.#": "0",
                            "skip_final_snapshot": "false",
                            "status": "available",
                            "storage_encrypted": "true",
                            "storage_type": "io1",
                            "tags.%": "0",
                            "username": "tapglue",
                            "vpc_security_group_ids.#": "1",
                            "vpc_security_group_ids.208199950": "sg-83eb84ea"
                        },
                        "meta": {},
                        "tainted": false
                    },
                    "deposed": [],
                    "provider": ""
                },
                "aws_db_parameter_group.master-prod": {
                    "type": "aws_db_parameter_group",
                    "depends_on": [],
                    "primary": {
                        "id": "master-prod",
                        "attributes": {
                            "arn": "arn:aws:rds:eu-central-1:775034650473:pg:master-prod",
                            "description": "Postgres prod parameter group",
                            "family": "postgres9.4",
                            "id": "master-prod",
                            "name": "master-prod",
                            "parameter.#": "13",
                            "parameter.1003475796.apply_method": "immediate",
                            "parameter.1003475796.name": "autovacuum",
                            "parameter.1003475796.value": "1",
                            "parameter.1092053286.apply_method": "immediate",
                            "parameter.1092053286.name": "log_duration",
                            "parameter.1092053286.value": "1",
                            "parameter.1181620676.apply_method": "immediate",
                            "parameter.1181620676.name": "log_min_duration_statement",
                            "parameter.1181620676.value": "20",
                            "parameter.138143551.apply_method": "immediate",
                            "parameter.138143551.name": "checkpoint_segments",
                            "parameter.138143551.value": "8",
                            "parameter.1389057930.apply_method": "immediate",
                            "parameter.1389057930.name": "autovacuum_vacuum_scale_factor",
                            "parameter.1389057930.value": "0.05",
                            "parameter.2281588144.apply_method": "immediate",
                            "parameter.2281588144.name": "pg_stat_statements.track",
                            "parameter.2281588144.value": "all",
                            "parameter.2565717024.apply_method": "immediate",
                            "parameter.2565717024.name": "log_autovacuum_min_duration",
                            "parameter.2565717024.value": "1",
                            "parameter.2664804696.apply_method": "pending-reboot",
                            "parameter.2664804696.name": "track_activity_query_size",
                            "parameter.2664804696.value": "2048",
                            "parameter.3647298071.apply_method": "immediate",
                            "parameter.3647298071.name": "maintenance_work_mem",
                            "parameter.3647298071.value": "768000",
                            "parameter.3759577072.apply_method": "pending-reboot",
                            "parameter.3759577072.name": "max_connections",
                            "parameter.3759577072.value": "128",
                            "parameter.3889950457.apply_method": "immediate",
                            "parameter.3889950457.name": "work_mem",
                            "parameter.3889950457.value": "64000",
                            "parameter.3962180947.apply_method": "pending-reboot",
                            "parameter.3962180947.name": "shared_preload_libraries",
                            "parameter.3962180947.value": "pg_stat_statements",
                            "parameter.418023221.apply_method": "immediate",
                            "parameter.418023221.name": "log_statement",
                            "parameter.418023221.value": "all",
                            "tags.%": "0"
                        },
                        "meta": {},
                        "tainted": false
                    },
                    "deposed": [],
                    "provider": ""
                },
                "aws_db_subnet_group.corp-prod": {
                    "type": "aws_db_subnet_group",
                    "depends_on": [
                        "aws_subnet.corporate-a",
                        "aws_subnet.corporate-b"
                    ],
                    "primary": {
                        "id": "corp-prod",
                        "attributes": {
                            "arn": "arn:aws:rds:eu-central-1:775034650473:subgrp:corp-prod",
                            "description": "RDS subnet group for corporate prod",
                            "id": "corp-prod",
                            "name": "corp-prod",
                            "subnet_ids.#": "2",
                            "subnet_ids.224137575": "subnet-b6815dcd",
                            "subnet_ids.2808071876": "subnet-3dbd0154",
                            "tags.%": "0"
                        },
                        "meta": {},
                        "tainted": false
                    },
                    "deposed": [],
                    "provider": ""
                },
                "aws_db_subnet_group.prod": {
                    "type": "aws_db_subnet_group",
                    "depends_on": [
                        "aws_subnet.rds-a",
                        "aws_subnet.rds-b"
                    ],
                    "primary": {
                        "id": "prod",
                        "attributes": {
                            "arn": "arn:aws:rds:eu-central-1:775034650473:subgrp:prod",
                            "description": "RDS subnet group for prod",
                            "id": "prod",
                            "name": "prod",
                            "subnet_ids.#": "2",
                            "subnet_ids.1795390656": "subnet-3abd0153",
                            "subnet_ids.3096566630": "subnet-b1815dca",
                            "tags.%": "0"
                        },
                        "meta": {},
                        "tainted": false
                    },
                    "deposed": [],
                    "provider": ""
                },
                "aws_ecr_repository.dashboard": {
                    "type": "aws_ecr_repository",
                    "depends_on": [],
                    "primary": {
                        "id": "dashboard",
                        "attributes": {
                            "arn": "arn:aws:ecr:us-east-1:775034650473:repository/dashboard",
                            "id": "dashboard",
                            "name": "dashboard",
                            "registry_id": "775034650473",
                            "repository_url": "https://775034650473.dkr.ecr.us-east-1.amazonaws.com/dashboard"
                        },
                        "meta": {},
                        "tainted": false
                    },
                    "deposed": [],
                    "provider": "aws.us-east-1"
                },
                "aws_ecr_repository.gateway-http": {
                    "type": "aws_ecr_repository",
                    "depends_on": [],
                    "primary": {
                        "id": "gateway-http",
                        "attributes": {
                            "arn": "arn:aws:ecr:us-east-1:775034650473:repository/gateway-http",
                            "id": "gateway-http",
                            "name": "gateway-http",
                            "registry_id": "775034650473",
                            "repository_url": "https://775034650473.dkr.ecr.us-east-1.amazonaws.com/gateway-http"
                        },
                        "meta": {},
                        "tainted": false
                    },
                    "deposed": [],
                    "provider": "aws.us-east-1"
                },
                "aws_ecr_repository.reporter": {
                    "type": "aws_ecr_repository",
                    "depends_on": [],
                    "primary": {
                        "id": "reporter",
                        "attributes": {
                            "arn": "arn:aws:ecr:us-east-1:775034650473:repository/reporter",
                            "id": "reporter",
                            "name": "reporter",
                            "registry_id": "775034650473",
                            "repository_url": "https://775034650473.dkr.ecr.us-east-1.amazonaws.com/reporter"
                        },
                        "meta": {},
                        "tainted": false
                    },
                    "deposed": [],
                    "provider": "aws.us-east-1"
                },
                "aws_ecr_repository.sims": {
                    "type": "aws_ecr_repository",
                    "depends_on": [],
                    "primary": {
                        "id": "sims",
                        "attributes": {
                            "arn": "arn:aws:ecr:us-east-1:775034650473:repository/sims",
                            "id": "sims",
                            "name": "sims",
                            "registry_id": "775034650473",
                            "repository_url": "https://775034650473.dkr.ecr.us-east-1.amazonaws.com/sims"
                        },
                        "meta": {},
                        "tainted": false
                    },
                    "deposed": [],
                    "provider": "aws.us-east-1"
                },
                "aws_ecr_repository_policy.dashboard-deployment": {
                    "type": "aws_ecr_repository_policy",
                    "depends_on": [
                        "aws_ecr_repository.dashboard"
                    ],
                    "primary": {
                        "id": "dashboard",
                        "attributes": {
                            "id": "dashboard",
                            "policy": "{\n    \"Version\": \"2008-10-17\",\n    \"Statement\": [\n        {\n            \"Sid\": \"deployment\",\n            \"Effect\": \"Allow\",\n            \"Principal\": {\n                \"AWS\": [\n                    \"arn:aws:iam::775034650473:root\",\n                    \"arn:aws:iam::775034650473:role/ecsInstance\",\n                    \"arn:aws:iam::775034650473:user/deployer\"\n                ]\n            },\n            \"Action\": [\n                \"ecr:GetDownloadUrlForLayer\",\n                \"ecr:BatchGetImage\",\n                \"ecr:BatchCheckLayerAvailability\"\n            ]\n        }\n    ]\n}\n",
                            "registry_id": "775034650473",
                            "repository": "dashboard"
                        },
                        "meta": {},
                        "tainted": false
                    },
                    "deposed": [],
                    "provider": "aws.us-east-1"
                },
                "aws_ecr_repository_policy.gateway-http-deployment": {
                    "type": "aws_ecr_repository_policy",
                    "depends_on": [
                        "aws_ecr_repository.gateway-http"
                    ],
                    "primary": {
                        "id": "gateway-http",
                        "attributes": {
                            "id": "gateway-http",
                            "policy": "{\n    \"Version\": \"2008-10-17\",\n    \"Statement\": [\n        {\n            \"Sid\": \"deployment\",\n            \"Effect\": \"Allow\",\n            \"Principal\": {\n                \"AWS\": [\n                    \"arn:aws:iam::775034650473:root\",\n                    \"arn:aws:iam::775034650473:role/ecsInstance\",\n                    \"arn:aws:iam::775034650473:user/deployer\"\n                ]\n            },\n            \"Action\": [\n                \"ecr:GetDownloadUrlForLayer\",\n                \"ecr:BatchGetImage\",\n                \"ecr:BatchCheckLayerAvailability\"\n            ]\n        }\n    ]\n}\n",
                            "registry_id": "775034650473",
                            "repository": "gateway-http"
                        },
                        "meta": {},
                        "tainted": false
                    },
                    "deposed": [],
                    "provider": "aws.us-east-1"
                },
                "aws_ecr_repository_policy.reporter-deployment": {
                    "type": "aws_ecr_repository_policy",
                    "depends_on": [
                        "aws_ecr_repository.reporter"
                    ],
                    "primary": {
                        "id": "reporter",
                        "attributes": {
                            "id": "reporter",
                            "policy": "{\n    \"Version\": \"2008-10-17\",\n    \"Statement\": [\n        {\n            \"Sid\": \"deployment\",\n            \"Effect\": \"Allow\",\n            \"Principal\": {\n                \"AWS\": [\n                    \"arn:aws:iam::775034650473:root\",\n                    \"arn:aws:iam::775034650473:role/ecsInstance\",\n                    \"arn:aws:iam::775034650473:user/deployer\"\n                ]\n            },\n            \"Action\": [\n                \"ecr:GetDownloadUrlForLayer\",\n                \"ecr:BatchGetImage\",\n                \"ecr:BatchCheckLayerAvailability\"\n            ]\n        }\n    ]\n}\n",
                            "registry_id": "775034650473",
                            "repository": "reporter"
                        },
                        "meta": {},
                        "tainted": false
                    },
                    "deposed": [],
                    "provider": "aws.us-east-1"
                },
                "aws_ecr_repository_policy.sims-deployment": {
                    "type": "aws_ecr_repository_policy",
                    "depends_on": [
                        "aws_ecr_repository.sims"
                    ],
                    "primary": {
                        "id": "sims",
                        "attributes": {
                            "id": "sims",
                            "policy": "{\n    \"Version\": \"2008-10-17\",\n    \"Statement\": [\n        {\n            \"Sid\": \"deployment\",\n            \"Effect\": \"Allow\",\n            \"Principal\": {\n                \"AWS\": [\n                    \"arn:aws:iam::775034650473:root\",\n                    \"arn:aws:iam::775034650473:role/ecsInstance\",\n                    \"arn:aws:iam::775034650473:user/deployer\"\n                ]\n            },\n            \"Action\": [\n                \"ecr:GetDownloadUrlForLayer\",\n                \"ecr:BatchGetImage\",\n                \"ecr:BatchCheckLayerAvailability\"\n            ]\n        }\n    ]\n}\n",
                            "registry_id": "775034650473",
                            "repository": "sims"
                        },
                        "meta": {},
                        "tainted": false
                    },
                    "deposed": [],
                    "provider": "aws.us-east-1"
                },
                "aws_ecs_cluster.service": {
                    "type": "aws_ecs_cluster",
                    "depends_on": [],
                    "primary": {
                        "id": "arn:aws:ecs:eu-central-1:775034650473:cluster/service",
                        "attributes": {
                            "id": "arn:aws:ecs:eu-central-1:775034650473:cluster/service",
                            "name": "service"
                        },
                        "meta": {},
                        "tainted": false
                    },
                    "deposed": [],
                    "provider": ""
                },
                "aws_ecs_service.dashboard": {
                    "type": "aws_ecs_service",
                    "depends_on": [
                        "aws_ecs_cluster.service",
                        "aws_ecs_task_definition.dashboard",
                        "aws_elb.dashboard",
                        "aws_iam_role.ecsELB",
                        "aws_iam_role_policy.ecsELB"
                    ],
                    "primary": {
                        "id": "arn:aws:ecs:eu-central-1:775034650473:service/dashboard",
                        "attributes": {
                            "cluster": "arn:aws:ecs:eu-central-1:775034650473:cluster/service",
                            "deployment_maximum_percent": "200",
                            "deployment_minimum_healthy_percent": "50",
                            "desired_count": "2",
                            "iam_role": "arn:aws:iam::775034650473:role/ecsELB",
                            "id": "arn:aws:ecs:eu-central-1:775034650473:service/dashboard",
                            "load_balancer.#": "1",
                            "load_balancer.2137382635.container_name": "dashboard",
                            "load_balancer.2137382635.container_port": "443",
                            "load_balancer.2137382635.elb_name": "dashboard",
                            "load_balancer.2137382635.target_group_arn": "",
                            "name": "dashboard",
                            "task_definition": "arn:aws:ecs:eu-central-1:775034650473:task-definition/dashboard:21"
                        },
                        "meta": {},
                        "tainted": false
                    },
                    "deposed": [],
                    "provider": ""
                },
                "aws_ecs_service.gateway-http": {
                    "type": "aws_ecs_service",
                    "depends_on": [
                        "aws_ecs_cluster.service",
                        "aws_ecs_task_definition.gateway-http",
                        "aws_elb.gateway-http",
                        "aws_iam_role.ecsELB",
                        "aws_iam_role_policy.ecsELB"
                    ],
                    "primary": {
                        "id": "arn:aws:ecs:eu-central-1:775034650473:service/gateway-http",
                        "attributes": {
                            "cluster": "arn:aws:ecs:eu-central-1:775034650473:cluster/service",
                            "deployment_maximum_percent": "200",
                            "deployment_minimum_healthy_percent": "50",
                            "desired_count": "2",
                            "iam_role": "arn:aws:iam::775034650473:role/ecsELB",
                            "id": "arn:aws:ecs:eu-central-1:775034650473:service/gateway-http",
                            "load_balancer.#": "1",
                            "load_balancer.523647802.container_name": "gateway-http",
                            "load_balancer.523647802.container_port": "8083",
                            "load_balancer.523647802.elb_name": "gateway-http",
                            "load_balancer.523647802.target_group_arn": "",
                            "name": "gateway-http",
                            "task_definition": "arn:aws:ecs:eu-central-1:775034650473:task-definition/gateway-http:141"
                        },
                        "meta": {},
                        "tainted": false
                    },
                    "deposed": [],
                    "provider": ""
                },
                "aws_ecs_service.pganalyze-master": {
                    "type": "aws_ecs_service",
                    "depends_on": [
                        "aws_ecs_cluster.service",
                        "aws_ecs_task_definition.pganalyze-master"
                    ],
                    "primary": {
                        "id": "arn:aws:ecs:eu-central-1:775034650473:service/pganalyze-master",
                        "attributes": {
                            "cluster": "arn:aws:ecs:eu-central-1:775034650473:cluster/service",
                            "deployment_maximum_percent": "200",
                            "deployment_minimum_healthy_percent": "50",
                            "desired_count": "1",
                            "id": "arn:aws:ecs:eu-central-1:775034650473:service/pganalyze-master",
                            "name": "pganalyze-master",
                            "task_definition": "arn:aws:ecs:eu-central-1:775034650473:task-definition/pganalyze:9"
                        },
                        "meta": {},
                        "tainted": false
                    },
                    "deposed": [],
                    "provider": ""
                },
                "aws_ecs_service.sims": {
                    "type": "aws_ecs_service",
                    "depends_on": [
                        "aws_ecs_cluster.service",
                        "aws_ecs_task_definition.sims"
                    ],
                    "primary": {
                        "id": "arn:aws:ecs:eu-central-1:775034650473:service/sims",
                        "attributes": {
                            "cluster": "arn:aws:ecs:eu-central-1:775034650473:cluster/service",
                            "deployment_maximum_percent": "200",
                            "deployment_minimum_healthy_percent": "50",
                            "desired_count": "2",
                            "id": "arn:aws:ecs:eu-central-1:775034650473:service/sims",
                            "name": "sims",
                            "task_definition": "arn:aws:ecs:eu-central-1:775034650473:task-definition/sims:29"
                        },
                        "meta": {},
                        "tainted": false
                    },
                    "deposed": [],
                    "provider": ""
                },
                "aws_ecs_task_definition.dashboard": {
                    "type": "aws_ecs_task_definition",
                    "depends_on": [],
                    "primary": {
                        "id": "dashboard",
                        "attributes": {
                            "arn": "arn:aws:ecs:eu-central-1:775034650473:task-definition/dashboard:21",
                            "container_definitions": "204fd0cabee916878e506b7bba14d2344bf13abc",
                            "family": "dashboard",
                            "id": "dashboard",
                            "network_mode": "",
                            "revision": "21",
                            "task_role_arn": ""
                        },
                        "meta": {},
                        "tainted": false
                    },
                    "deposed": [],
                    "provider": ""
                },
                "aws_ecs_task_definition.gateway-http": {
                    "type": "aws_ecs_task_definition",
                    "depends_on": [
                        "aws_iam_access_key.state-change-sr",
                        "aws_iam_access_key.state-change-sr"
                    ],
                    "primary": {
                        "id": "gateway-http",
                        "attributes": {
                            "arn": "arn:aws:ecs:eu-central-1:775034650473:task-definition/gateway-http:141",
                            "container_definitions": "e2ef1e5f85c3d1d1c68dfa833459f7f90fa772fd",
                            "family": "gateway-http",
                            "id": "gateway-http",
                            "network_mode": "",
                            "revision": "141",
                            "task_role_arn": ""
                        },
                        "meta": {},
                        "tainted": false
                    },
                    "deposed": [],
                    "provider": ""
                },
                "aws_ecs_task_definition.pganalyze-master": {
                    "type": "aws_ecs_task_definition",
                    "depends_on": [],
                    "primary": {
                        "id": "pganalyze",
                        "attributes": {
                            "arn": "arn:aws:ecs:eu-central-1:775034650473:task-definition/pganalyze:9",
                            "container_definitions": "5e85eea521fb68fdaf75916316bc312a93738416",
                            "family": "pganalyze",
                            "id": "pganalyze",
                            "network_mode": "",
                            "revision": "9",
                            "task_role_arn": ""
                        },
                        "meta": {},
                        "tainted": false
                    },
                    "deposed": [],
                    "provider": ""
                },
                "aws_ecs_task_definition.reporter": {
                    "type": "aws_ecs_task_definition",
                    "depends_on": [],
                    "primary": {
                        "id": "reporter",
                        "attributes": {
                            "arn": "arn:aws:ecs:eu-central-1:775034650473:task-definition/reporter:4",
                            "container_definitions": "d619a118183b30ebb56dbb85f4575a2c58409131",
                            "family": "reporter",
                            "id": "reporter",
                            "network_mode": "",
                            "revision": "4",
                            "task_role_arn": ""
                        },
                        "meta": {},
                        "tainted": false
                    },
                    "deposed": [],
                    "provider": ""
                },
                "aws_ecs_task_definition.sims": {
                    "type": "aws_ecs_task_definition",
                    "depends_on": [
                        "aws_iam_access_key.state-change-sr",
                        "aws_iam_access_key.state-change-sr"
                    ],
                    "primary": {
                        "id": "sims",
                        "attributes": {
                            "arn": "arn:aws:ecs:eu-central-1:775034650473:task-definition/sims:29",
                            "container_definitions": "32b1bde6d5fb38dbfd5e060e974f43b65d8ade09",
                            "family": "sims",
                            "id": "sims",
                            "network_mode": "",
                            "revision": "29",
                            "task_role_arn": ""
                        },
                        "meta": {},
                        "tainted": false
                    },
                    "deposed": [],
                    "provider": ""
                },
                "aws_eip.bastion": {
                    "type": "aws_eip",
                    "depends_on": [
                        "aws_instance.bastion"
                    ],
                    "primary": {
                        "id": "eipalloc-2c3fc245",
                        "attributes": {
                            "association_id": "eipassoc-14b9f57d",
                            "domain": "vpc",
                            "id": "eipalloc-2c3fc245",
                            "instance": "i-ef549152",
                            "network_interface": "eni-b45428dc",
                            "private_ip": "10.0.1.171",
                            "public_ip": "52.28.203.252",
                            "vpc": "true"
                        },
                        "meta": {},
                        "tainted": false
                    },
                    "deposed": [],
                    "provider": ""
                },
                "aws_elasticache_cluster.rate-limiter": {
                    "type": "aws_elasticache_cluster",
                    "depends_on": [
                        "aws_elasticache_subnet_group.rate-limiter",
                        "aws_elasticache_subnet_group.rate-limiter",
                        "aws_security_group.platform"
                    ],
                    "primary": {
                        "id": "rate-limiter",
                        "attributes": {
                            "availability_zone": "eu-central-1a",
                            "cache_nodes.#": "1",
                            "cache_nodes.0.address": "rate-limiter.ia5n2m.0001.euc1.cache.amazonaws.com",
                            "cache_nodes.0.availability_zone": "eu-central-1a",
                            "cache_nodes.0.id": "0001",
                            "cache_nodes.0.port": "6379",
                            "cluster_id": "rate-limiter",
                            "engine": "redis",
                            "engine_version": "2.8.21",
                            "id": "rate-limiter",
                            "maintenance_window": "sun:05:00-sun:06:00",
                            "node_type": "cache.r3.large",
                            "num_cache_nodes": "1",
                            "parameter_group_name": "default.redis2.8",
                            "port": "6379",
                            "security_group_ids.#": "1",
                            "security_group_ids.208199950": "sg-83eb84ea",
                            "security_group_names.#": "0",
                            "snapshot_retention_limit": "0",
                            "snapshot_window": "02:00-03:00",
                            "subnet_group_name": "rate-limiter",
                            "tags.%": "0"
                        },
                        "meta": {},
                        "tainted": false
                    },
                    "deposed": [],
                    "provider": ""
                },
                "aws_elasticache_subnet_group.rate-limiter": {
                    "type": "aws_elasticache_subnet_group",
                    "depends_on": [
                        "aws_subnet.frontend-a",
                        "aws_subnet.frontend-b"
                    ],
                    "primary": {
                        "id": "rate-limiter",
                        "attributes": {
                            "description": "rate limiter cache group",
                            "id": "rate-limiter",
                            "name": "rate-limiter",
                            "subnet_ids.#": "2",
                            "subnet_ids.1035543327": "subnet-b3815dc8",
                            "subnet_ids.3738089153": "subnet-3fbd0156"
                        },
                        "meta": {},
                        "tainted": false
                    },
                    "deposed": [],
                    "provider": ""
                },
                "aws_elb.corporate": {
                    "type": "aws_elb",
                    "depends_on": [
                        "aws_iam_server_certificate.self-signed",
                        "aws_security_group.loadbalancer",
                        "aws_subnet.public-a",
                        "aws_subnet.public-b"
                    ],
                    "primary": {
                        "id": "corporate-prod",
                        "attributes": {
                            "access_logs.#": "1",
                            "access_logs.0.bucket": "tapglue-logs",
                            "access_logs.0.bucket_prefix": "",
                            "access_logs.0.enabled": "true",
                            "access_logs.0.interval": "5",
                            "availability_zones.#": "2",
                            "availability_zones.1126047633": "eu-central-1a",
                            "availability_zones.3658960427": "eu-central-1b",
                            "connection_draining": "true",
                            "connection_draining_timeout": "10",
                            "cross_zone_load_balancing": "true",
                            "dns_name": "corporate-prod-2054281276.eu-central-1.elb.amazonaws.com",
                            "health_check.#": "1",
                            "health_check.0.healthy_threshold": "2",
                            "health_check.0.interval": "5",
                            "health_check.0.target": "HTTP:80/",
                            "health_check.0.timeout": "2",
                            "health_check.0.unhealthy_threshold": "2",
                            "id": "corporate-prod",
                            "idle_timeout": "300",
                            "instances.#": "1",
                            "instances.3291977975": "i-9355d42e",
                            "internal": "false",
                            "listener.#": "2",
                            "listener.1850230732.instance_port": "443",
                            "listener.1850230732.instance_protocol": "https",
                            "listener.1850230732.lb_port": "443",
                            "listener.1850230732.lb_protocol": "https",
                            "listener.1850230732.ssl_certificate_id": "arn:aws:iam::775034650473:server-certificate/self-signed",
                            "listener.3057123346.instance_port": "80",
                            "listener.3057123346.instance_protocol": "http",
                            "listener.3057123346.lb_port": "80",
                            "listener.3057123346.lb_protocol": "http",
                            "listener.3057123346.ssl_certificate_id": "",
                            "name": "corporate-prod",
                            "security_groups.#": "1",
                            "security_groups.1479549525": "sg-80eb84e9",
                            "source_security_group": "775034650473/loadbalancer",
                            "source_security_group_id": "sg-80eb84e9",
                            "subnets.#": "2",
                            "subnets.2280620392": "subnet-b0815dcb",
                            "subnets.369084636": "subnet-3cbd0155",
                            "tags.%": "1",
                            "tags.Name": "Corporate",
                            "zone_id": "Z215JYRZR1TBD5"
                        },
                        "meta": {},
                        "tainted": false
                    },
                    "deposed": [],
                    "provider": ""
                },
                "aws_elb.dashboard": {
                    "type": "aws_elb",
                    "depends_on": [
                        "aws_iam_server_certificate.self-signed",
                        "aws_security_group.loadbalancer",
                        "aws_subnet.public-a",
                        "aws_subnet.public-b"
                    ],
                    "primary": {
                        "id": "dashboard",
                        "attributes": {
                            "access_logs.#": "1",
                            "access_logs.0.bucket": "tapglue-logs",
                            "access_logs.0.bucket_prefix": "",
                            "access_logs.0.enabled": "true",
                            "access_logs.0.interval": "5",
                            "availability_zones.#": "2",
                            "availability_zones.1126047633": "eu-central-1a",
                            "availability_zones.3658960427": "eu-central-1b",
                            "connection_draining": "true",
                            "connection_draining_timeout": "10",
                            "cross_zone_load_balancing": "true",
                            "dns_name": "dashboard-1222543070.eu-central-1.elb.amazonaws.com",
                            "health_check.#": "1",
                            "health_check.0.healthy_threshold": "2",
                            "health_check.0.interval": "5",
                            "health_check.0.target": "HTTPS:8081/",
                            "health_check.0.timeout": "2",
                            "health_check.0.unhealthy_threshold": "2",
                            "id": "dashboard",
                            "idle_timeout": "30",
                            "instances.#": "3",
                            "instances.112269201": "i-80fd703d",
                            "instances.2713759265": "i-7d83dac1",
                            "instances.3114311159": "i-911a442d",
                            "internal": "false",
                            "listener.#": "1",
                            "listener.775820400.instance_port": "8081",
                            "listener.775820400.instance_protocol": "https",
                            "listener.775820400.lb_port": "443",
                            "listener.775820400.lb_protocol": "https",
                            "listener.775820400.ssl_certificate_id": "arn:aws:iam::775034650473:server-certificate/self-signed",
                            "name": "dashboard",
                            "security_groups.#": "1",
                            "security_groups.1479549525": "sg-80eb84e9",
                            "source_security_group": "775034650473/loadbalancer",
                            "source_security_group_id": "sg-80eb84e9",
                            "subnets.#": "2",
                            "subnets.2280620392": "subnet-b0815dcb",
                            "subnets.369084636": "subnet-3cbd0155",
                            "tags.%": "1",
                            "tags.Name": "dashboard",
                            "zone_id": "Z215JYRZR1TBD5"
                        },
                        "meta": {},
                        "tainted": false
                    },
                    "deposed": [],
                    "provider": ""
                },
                "aws_elb.frontend": {
                    "type": "aws_elb",
                    "depends_on": [
                        "aws_iam_server_certificate.self-signed",
                        "aws_security_group.loadbalancer",
                        "aws_subnet.public-a",
                        "aws_subnet.public-b"
                    ],
                    "primary": {
                        "id": "frontend-prod",
                        "attributes": {
                            "access_logs.#": "1",
                            "access_logs.0.bucket": "tapglue-logs",
                            "access_logs.0.bucket_prefix": "",
                            "access_logs.0.enabled": "true",
                            "access_logs.0.interval": "5",
                            "availability_zones.#": "2",
                            "availability_zones.1126047633": "eu-central-1a",
                            "availability_zones.3658960427": "eu-central-1b",
                            "connection_draining": "true",
                            "connection_draining_timeout": "10",
                            "cross_zone_load_balancing": "true",
                            "dns_name": "frontend-prod-148375225.eu-central-1.elb.amazonaws.com",
                            "health_check.#": "1",
                            "health_check.0.healthy_threshold": "2",
                            "health_check.0.interval": "5",
                            "health_check.0.target": "HTTPS:8083/health-45016490610398192",
                            "health_check.0.timeout": "2",
                            "health_check.0.unhealthy_threshold": "2",
                            "id": "frontend-prod",
                            "idle_timeout": "30",
                            "instances.#": "0",
                            "internal": "false",
                            "listener.#": "1",
                            "listener.234003723.instance_port": "8083",
                            "listener.234003723.instance_protocol": "https",
                            "listener.234003723.lb_port": "443",
                            "listener.234003723.lb_protocol": "https",
                            "listener.234003723.ssl_certificate_id": "arn:aws:iam::775034650473:server-certificate/self-signed",
                            "name": "frontend-prod",
                            "security_groups.#": "1",
                            "security_groups.1479549525": "sg-80eb84e9",
                            "source_security_group": "775034650473/loadbalancer",
                            "source_security_group_id": "sg-80eb84e9",
                            "subnets.#": "2",
                            "subnets.2280620392": "subnet-b0815dcb",
                            "subnets.369084636": "subnet-3cbd0155",
                            "tags.%": "1",
                            "tags.Name": "frontend",
                            "zone_id": "Z215JYRZR1TBD5"
                        },
                        "meta": {},
                        "tainted": false
                    },
                    "deposed": [],
                    "provider": ""
                },
                "aws_elb.gateway-http": {
                    "type": "aws_elb",
                    "depends_on": [
                        "aws_iam_server_certificate.self-signed",
                        "aws_security_group.loadbalancer",
                        "aws_subnet.public-a",
                        "aws_subnet.public-b"
                    ],
                    "primary": {
                        "id": "gateway-http",
                        "attributes": {
                            "access_logs.#": "1",
                            "access_logs.0.bucket": "tapglue-logs",
                            "access_logs.0.bucket_prefix": "",
                            "access_logs.0.enabled": "true",
                            "access_logs.0.interval": "5",
                            "availability_zones.#": "2",
                            "availability_zones.1126047633": "eu-central-1a",
                            "availability_zones.3658960427": "eu-central-1b",
                            "connection_draining": "true",
                            "connection_draining_timeout": "10",
                            "cross_zone_load_balancing": "true",
                            "dns_name": "gateway-http-744802039.eu-central-1.elb.amazonaws.com",
                            "health_check.#": "1",
                            "health_check.0.healthy_threshold": "2",
                            "health_check.0.interval": "5",
                            "health_check.0.target": "HTTPS:8083/health-45016490610398192",
                            "health_check.0.timeout": "2",
                            "health_check.0.unhealthy_threshold": "2",
                            "id": "gateway-http",
                            "idle_timeout": "30",
                            "instances.#": "2",
                            "instances.2713759265": "i-7d83dac1",
                            "instances.3114311159": "i-911a442d",
                            "internal": "false",
                            "listener.#": "1",
                            "listener.234003723.instance_port": "8083",
                            "listener.234003723.instance_protocol": "https",
                            "listener.234003723.lb_port": "443",
                            "listener.234003723.lb_protocol": "https",
                            "listener.234003723.ssl_certificate_id": "arn:aws:iam::775034650473:server-certificate/self-signed",
                            "name": "gateway-http",
                            "security_groups.#": "1",
                            "security_groups.1479549525": "sg-80eb84e9",
                            "source_security_group": "775034650473/loadbalancer",
                            "source_security_group_id": "sg-80eb84e9",
                            "subnets.#": "2",
                            "subnets.2280620392": "subnet-b0815dcb",
                            "subnets.369084636": "subnet-3cbd0155",
                            "tags.%": "1",
                            "tags.Name": "gateway-http",
                            "zone_id": "Z215JYRZR1TBD5"
                        },
                        "meta": {},
                        "tainted": false
                    },
                    "deposed": [],
                    "provider": ""
                },
                "aws_elb.monitoring": {
                    "type": "aws_elb",
                    "depends_on": [
                        "aws_iam_server_certificate.self-signed",
                        "aws_instance.monitoring0",
                        "aws_security_group.loadbalancer",
                        "aws_subnet.public-a",
                        "aws_subnet.public-b"
                    ],
                    "primary": {
                        "id": "monitoring",
                        "attributes": {
                            "access_logs.#": "0",
                            "availability_zones.#": "2",
                            "availability_zones.1126047633": "eu-central-1a",
                            "availability_zones.3658960427": "eu-central-1b",
                            "connection_draining": "true",
                            "connection_draining_timeout": "10",
                            "cross_zone_load_balancing": "true",
                            "dns_name": "monitoring-141426228.eu-central-1.elb.amazonaws.com",
                            "health_check.#": "1",
                            "health_check.0.healthy_threshold": "2",
                            "health_check.0.interval": "5",
                            "health_check.0.target": "HTTP:3000/login",
                            "health_check.0.timeout": "2",
                            "health_check.0.unhealthy_threshold": "2",
                            "id": "monitoring",
                            "idle_timeout": "15",
                            "instances.#": "1",
                            "instances.3111399926": "i-195d86a4",
                            "internal": "false",
                            "listener.#": "1",
                            "listener.329336838.instance_port": "3000",
                            "listener.329336838.instance_protocol": "http",
                            "listener.329336838.lb_port": "443",
                            "listener.329336838.lb_protocol": "https",
                            "listener.329336838.ssl_certificate_id": "arn:aws:iam::775034650473:server-certificate/self-signed",
                            "name": "monitoring",
                            "security_groups.#": "1",
                            "security_groups.1479549525": "sg-80eb84e9",
                            "source_security_group": "775034650473/loadbalancer",
                            "source_security_group_id": "sg-80eb84e9",
                            "subnets.#": "2",
                            "subnets.2280620392": "subnet-b0815dcb",
                            "subnets.369084636": "subnet-3cbd0155",
                            "tags.%": "1",
                            "tags.Name": "monitoring",
                            "zone_id": "Z215JYRZR1TBD5"
                        },
                        "meta": {},
                        "tainted": false
                    },
                    "deposed": [],
                    "provider": ""
                },
                "aws_iam_access_key.state-change-sr": {
                    "type": "aws_iam_access_key",
                    "depends_on": [
                        "aws_iam_user.state-change-sr"
                    ],
                    "primary": {
                        "id": "AKIAJVZJ7BPWNONVDXPQ",
                        "attributes": {
                            "id": "AKIAJVZJ7BPWNONVDXPQ",
                            "secret": "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",
                            "ses_smtp_password": "As2qTlqumd/RBxOKTjv3+JrgkM2wXxNAgMzEtSStf/BX",
                            "status": "Active",
                            "user": "state-change-sr"
                        },
                        "meta": {},
                        "tainted": false
                    },
                    "deposed": [],
                    "provider": ""
                },
                "aws_iam_instance_profile.backend": {
                    "type": "aws_iam_instance_profile",
                    "depends_on": [
                        "aws_iam_role.backend"
                    ],
                    "primary": {
                        "id": "prod-backend",
                        "attributes": {
                            "arn": "arn:aws:iam::775034650473:instance-profile/prod-backend",
                            "id": "prod-backend",
                            "name": "prod-backend",
                            "path": "/",
                            "roles.#": "1",
                            "roles.2823307892": "prod-backend"
                        },
                        "meta": {},
                        "tainted": false
                    },
                    "deposed": [],
                    "provider": ""
                },
                "aws_iam_instance_profile.corporate": {
                    "type": "aws_iam_instance_profile",
                    "depends_on": [
                        "aws_iam_role.corporate"
                    ],
                    "primary": {
                        "id": "prod-corporate",
                        "attributes": {
                            "arn": "arn:aws:iam::775034650473:instance-profile/prod-corporate",
                            "id": "prod-corporate",
                            "name": "prod-corporate",
                            "path": "/",
                            "roles.#": "1",
                            "roles.405692130": "prod-corporate"
                        },
                        "meta": {},
                        "tainted": false
                    },
                    "deposed": [],
                    "provider": ""
                },
                "aws_iam_instance_profile.frontend": {
                    "type": "aws_iam_instance_profile",
                    "depends_on": [
                        "aws_iam_role.frontend"
                    ],
                    "primary": {
                        "id": "prod-frontend",
                        "attributes": {
                            "arn": "arn:aws:iam::775034650473:instance-profile/prod-frontend",
                            "id": "prod-frontend",
                            "name": "prod-frontend",
                            "path": "/",
                            "roles.#": "1",
                            "roles.3160164248": "prod-frontend"
                        },
                        "meta": {},
                        "tainted": false
                    },
                    "deposed": [],
                    "provider": ""
                },
                "aws_iam_instance_profile.service": {
                    "type": "aws_iam_instance_profile",
                    "depends_on": [
                        "aws_iam_role.ecsInstance"
                    ],
                    "primary": {
                        "id": "service",
                        "attributes": {
                            "arn": "arn:aws:iam::775034650473:instance-profile/service",
                            "id": "service",
                            "name": "service",
                            "path": "/",
                            "roles.#": "1",
                            "roles.1738458900": "ecsInstance"
                        },
                        "meta": {},
                        "tainted": false
                    },
                    "deposed": [],
                    "provider": ""
                },
                "aws_iam_role.backend": {
                    "type": "aws_iam_role",
                    "depends_on": [],
                    "primary": {
                        "id": "prod-backend",
                        "attributes": {
                            "arn": "arn:aws:iam::775034650473:role/prod-backend",
                            "assume_role_policy": "{\n  \"Version\": \"2012-10-17\",\n  \"Statement\": [\n    {\n      \"Action\": \"sts:AssumeRole\",\n      \"Principal\": {\n        \"Service\": \"ec2.amazonaws.com\"\n      },\n      \"Effect\": \"Allow\",\n      \"Sid\": \"\"\n    }\n  ]\n}\n",
                            "id": "prod-backend",
                            "name": "prod-backend",
                            "path": "/",
                            "unique_id": "AROAJIFMZTZODBAF5CDEO"
                        },
                        "meta": {},
                        "tainted": false
                    },
                    "deposed": [],
                    "provider": ""
                },
                "aws_iam_role.corporate": {
                    "type": "aws_iam_role",
                    "depends_on": [],
                    "primary": {
                        "id": "prod-corporate",
                        "attributes": {
                            "arn": "arn:aws:iam::775034650473:role/prod-corporate",
                            "assume_role_policy": "{\n  \"Version\": \"2012-10-17\",\n  \"Statement\": [\n    {\n      \"Action\": \"sts:AssumeRole\",\n      \"Principal\": {\n        \"Service\": \"ec2.amazonaws.com\"\n      },\n      \"Effect\": \"Allow\",\n      \"Sid\": \"\"\n    }\n  ]\n}\n",
                            "id": "prod-corporate",
                            "name": "prod-corporate",
                            "path": "/",
                            "unique_id": "AROAILSGQODDCXQMI5KBQ"
                        },
                        "meta": {},
                        "tainted": false
                    },
                    "deposed": [],
                    "provider": ""
                },
                "aws_iam_role.ecsELB": {
                    "type": "aws_iam_role",
                    "depends_on": [],
                    "primary": {
                        "id": "ecsELB",
                        "attributes": {
                            "arn": "arn:aws:iam::775034650473:role/ecsELB",
                            "assume_role_policy": "{\n  \"Version\": \"2012-10-17\",\n  \"Statement\": [\n    {\n      \"Action\": \"sts:AssumeRole\",\n      \"Principal\": {\n        \"Service\": \"ecs.amazonaws.com\"\n      },\n      \"Effect\": \"Allow\",\n      \"Sid\": \"\"\n    }\n  ]\n}\n",
                            "id": "ecsELB",
                            "name": "ecsELB",
                            "path": "/",
                            "unique_id": "AROAJYNSYTDS7KNS27D2W"
                        },
                        "meta": {},
                        "tainted": false
                    },
                    "deposed": [],
                    "provider": ""
                },
                "aws_iam_role.ecsInstance": {
                    "type": "aws_iam_role",
                    "depends_on": [],
                    "primary": {
                        "id": "ecsInstance",
                        "attributes": {
                            "arn": "arn:aws:iam::775034650473:role/ecsInstance",
                            "assume_role_policy": "{\n  \"Version\": \"2012-10-17\",\n  \"Statement\": [\n    {\n      \"Action\": \"sts:AssumeRole\",\n      \"Principal\": {\n        \"Service\": \"ec2.amazonaws.com\"\n      },\n      \"Effect\": \"Allow\",\n      \"Sid\": \"\"\n    }\n  ]\n}\n",
                            "id": "ecsInstance",
                            "name": "ecsInstance",
                            "path": "/",
                            "unique_id": "AROAJHYAYHPMPYQD5T2C6"
                        },
                        "meta": {},
                        "tainted": false
                    },
                    "deposed": [],
                    "provider": ""
                },
                "aws_iam_role.frontend": {
                    "type": "aws_iam_role",
                    "depends_on": [],
                    "primary": {
                        "id": "prod-frontend",
                        "attributes": {
                            "arn": "arn:aws:iam::775034650473:role/prod-frontend",
                            "assume_role_policy": "{\n  \"Version\": \"2012-10-17\",\n  \"Statement\": [\n    {\n      \"Action\": \"sts:AssumeRole\",\n      \"Principal\": {\n        \"Service\": \"ec2.amazonaws.com\"\n      },\n      \"Effect\": \"Allow\",\n      \"Sid\": \"\"\n    }\n  ]\n}\n",
                            "id": "prod-frontend",
                            "name": "prod-frontend",
                            "path": "/",
                            "unique_id": "AROAJ2OXVBAABSXX7QG5O"
                        },
                        "meta": {},
                        "tainted": false
                    },
                    "deposed": [],
                    "provider": ""
                },
                "aws_iam_role_policy.ecsELB": {
                    "type": "aws_iam_role_policy",
                    "depends_on": [
                        "aws_iam_role.ecsELB"
                    ],
                    "primary": {
                        "id": "ecsELB:tapglueEcsElbRole",
                        "attributes": {
                            "id": "ecsELB:tapglueEcsElbRole",
                            "name": "tapglueEcsElbRole",
                            "policy": "{\n  \"Version\": \"2012-10-17\",\n  \"Statement\": [\n    {\n      \"Effect\": \"Allow\",\n      \"Action\": [\n        \"elasticloadbalancing:Describe*\",\n        \"elasticloadbalancing:DeregisterInstancesFromLoadBalancer\",\n        \"elasticloadbalancing:RegisterInstancesWithLoadBalancer\",\n        \"ec2:Describe*\",\n        \"ec2:AuthorizeSecurityGroupIngress\"\n      ],\n      \"Resource\": [\n        \"*\"\n      ]\n    }\n  ]\n}\n",
                            "role": "ecsELB"
                        },
                        "meta": {},
                        "tainted": false
                    },
                    "deposed": [],
                    "provider": ""
                },
                "aws_iam_role_policy.ecsOperations": {
                    "type": "aws_iam_role_policy",
                    "depends_on": [
                        "aws_iam_role.ecsInstance"
                    ],
                    "primary": {
                        "id": "ecsInstance:ecsOperations",
                        "attributes": {
                            "id": "ecsInstance:ecsOperations",
                            "name": "ecsOperations",
                            "policy": "{\n  \"Version\": \"2012-10-17\",\n  \"Statement\": [\n    {\n      \"Effect\": \"Allow\",\n      \"Action\": [\n        \"ecs:CreateCluster\",\n        \"ecs:DeregisterContainerInstance\",\n        \"ecs:DiscoverPollEndpoint\",\n        \"ecs:Poll\",\n        \"ecs:RegisterContainerInstance\",\n        \"ecs:StartTelemetrySession\",\n        \"ecs:Submit*\",\n        \"ecr:GetAuthorizationToken\",\n        \"ecr:BatchCheckLayerAvailability\",\n        \"ecr:GetDownloadUrlForLayer\",\n        \"ecr:BatchGetImage\"\n      ],\n      \"Resource\": [\n        \"*\"\n      ]\n    }\n  ]\n}\n",
                            "role": "ecsInstance"
                        },
                        "meta": {},
                        "tainted": false
                    },
                    "deposed": [],
                    "provider": ""
                },
                "aws_iam_role_policy.pgaCollector": {
                    "type": "aws_iam_role_policy",
                    "depends_on": [
                        "aws_iam_role.ecsInstance"
                    ],
                    "primary": {
                        "id": "ecsInstance:pgaCollector",
                        "attributes": {
                            "id": "ecsInstance:pgaCollector",
                            "name": "pgaCollector",
                            "policy": "{\n  \"Version\": \"2012-10-17\",\n  \"Statement\": [\n      {\n          \"Action\": [\n              \"rds:Describe*\",\n              \"rds:ListTagsForResource\",\n              \"ec2:DescribeAccountAttributes\",\n              \"ec2:DescribeAvailabilityZones\",\n              \"ec2:DescribeSecurityGroups\",\n              \"ec2:DescribeVpcs\"\n          ],\n          \"Effect\": \"Allow\",\n          \"Resource\": \"*\"\n      },\n      {\n          \"Action\": [\n              \"cloudwatch:GetMetricStatistics\",\n              \"logs:DescribeLogStreams\",\n              \"logs:GetLogEvents\"\n          ],\n          \"Effect\": \"Allow\",\n          \"Resource\": \"*\"\n      },\n      {\n          \"Action\": [ \"rds:DownloadDBLogFilePortion\" ],\n          \"Effect\": \"Allow\",\n          \"Resource\": \"*\"\n      }\n  ]\n}\n",
                            "role": "ecsInstance"
                        },
                        "meta": {},
                        "tainted": false
                    },
                    "deposed": [],
                    "provider": ""
                },
                "aws_iam_server_certificate.self-signed": {
                    "type": "aws_iam_server_certificate",
                    "depends_on": [],
                    "primary": {
                        "id": "ASCAJG2SUZS5IKGMKWIDE",
                        "attributes": {
                            "arn": "arn:aws:iam::775034650473:server-certificate/self-signed",
                            "certificate_body": "81b006ca9832cd73f571f6753e10fdc6bcf77529",
                            "id": "ASCAJG2SUZS5IKGMKWIDE",
                            "name": "self-signed",
                            "path": "/",
                            "private_key": "5ca1425d983ba24980b4199801c6e713400f3d8e"
                        },
                        "meta": {},
                        "tainted": false
                    },
                    "deposed": [],
                    "provider": ""
                },
                "aws_iam_user.state-change-sr": {
                    "type": "aws_iam_user",
                    "depends_on": [],
                    "primary": {
                        "id": "state-change-sr",
                        "attributes": {
                            "arn": "arn:aws:iam::775034650473:user/state-change-sr",
                            "force_destroy": "false",
                            "id": "state-change-sr",
                            "name": "state-change-sr",
                            "path": "/",
                            "unique_id": "AIDAIPMUXIKLQEEOHUSGG"
                        },
                        "meta": {},
                        "tainted": false
                    },
                    "deposed": [],
                    "provider": ""
                },
                "aws_iam_user_policy.state-change-sr": {
                    "type": "aws_iam_user_policy",
                    "depends_on": [
                        "aws_iam_user.state-change-sr"
                    ],
                    "primary": {
                        "id": "state-change-sr:state-change-sr",
                        "attributes": {
                            "id": "state-change-sr:state-change-sr",
                            "name": "state-change-sr",
                            "policy": "{\n    \"Version\": \"2012-10-17\",\n    \"Statement\": [\n        {\n            \"Effect\": \"Allow\",\n            \"Action\": [\n                \"sqs:DeleteMessage\",\n                \"sqs:GetQueueUrl\",\n                \"sqs:ReceiveMessage\",\n                \"sqs:SendMessage\"\n            ],\n            \"Resource\": \"arn:aws:sqs:*:775034650473:*\"\n        },\n        {\n            \"Effect\": \"Allow\",\n            \"Action\": [\n                \"sns:CreatePlatformEndpoint\",\n                \"sns:GetEndpointAttributes\",\n                \"sns:Publish\",\n                \"sns:SetEndpointAttributes\"\n            ],\n            \"Resource\": \"arn:aws:sns:*:775034650473:*\"\n        }\n   ]\n}\n",
                            "user": "state-change-sr"
                        },
                        "meta": {},
                        "tainted": false
                    },
                    "deposed": [],
                    "provider": ""
                },
                "aws_instance.bastion": {
                    "type": "aws_instance",
                    "depends_on": [
                        "aws_security_group.nat",
                        "aws_subnet.public-a"
                    ],
                    "primary": {
                        "id": "i-ef549152",
                        "attributes": {
                            "ami": "ami-c63c21aa",
                            "availability_zone": "eu-central-1a",
                            "disable_api_termination": "false",
                            "ebs_block_device.#": "0",
                            "ebs_optimized": "false",
                            "ephemeral_block_device.#": "0",
                            "iam_instance_profile": "",
                            "id": "i-ef549152",
                            "instance_state": "running",
                            "instance_type": "t2.micro",
                            "key_name": "",
                            "monitoring": "false",
                            "network_interface_id": "eni-b45428dc",
                            "private_dns": "ip-10-0-1-171.eu-central-1.compute.internal",
                            "private_ip": "10.0.1.171",
                            "public_dns": "ec2-52-28-203-252.eu-central-1.compute.amazonaws.com",
                            "public_ip": "52.28.203.252",
                            "root_block_device.#": "1",
                            "root_block_device.0.delete_on_termination": "true",
                            "root_block_device.0.iops": "100",
                            "root_block_device.0.volume_size": "8",
                            "root_block_device.0.volume_type": "gp2",
                            "security_groups.#": "0",
                            "source_dest_check": "true",
                            "subnet_id": "subnet-3cbd0155",
                            "tags.%": "1",
                            "tags.Name": "Bastion Host",
                            "tenancy": "default",
                            "vpc_security_group_ids.#": "1",
                            "vpc_security_group_ids.2176234776": "sg-85eb84ec"
                        },
                        "meta": {
                            "schema_version": "1"
                        },
                        "tainted": false
                    },
                    "deposed": [],
                    "provider": ""
                },
                "aws_instance.monitoring0": {
                    "type": "aws_instance",
                    "depends_on": [
                        "aws_security_group.platform",
                        "aws_security_group.private",
                        "aws_subnet.monitoring-a"
                    ],
                    "primary": {
                        "id": "i-195d86a4",
                        "attributes": {
                            "ami": "ami-25e0064a",
                            "availability_zone": "eu-central-1a",
                            "disable_api_termination": "false",
                            "ebs_block_device.#": "0",
                            "ebs_optimized": "false",
                            "ephemeral_block_device.#": "0",
                            "iam_instance_profile": "",
                            "id": "i-195d86a4",
                            "instance_state": "running",
                            "instance_type": "t2.medium",
                            "key_name": "",
                            "monitoring": "false",
                            "network_interface_id": "eni-169d287d",
                            "private_dns": "ip-10-0-46-15.eu-central-1.compute.internal",
                            "private_ip": "10.0.46.15",
                            "public_dns": "",
                            "public_ip": "",
                            "root_block_device.#": "1",
                            "root_block_device.0.delete_on_termination": "true",
                            "root_block_device.0.iops": "100",
                            "root_block_device.0.volume_size": "8",
                            "root_block_device.0.volume_type": "gp2",
                            "security_groups.#": "0",
                            "source_dest_check": "true",
                            "subnet_id": "subnet-9ea921f7",
                            "tags.%": "1",
                            "tags.Name": "monitoring0",
                            "tenancy": "default",
                            "vpc_security_group_ids.#": "2",
                            "vpc_security_group_ids.208199950": "sg-83eb84ea",
                            "vpc_security_group_ids.3462777154": "sg-8eeb84e7"
                        },
                        "meta": {
                            "schema_version": "1"
                        },
                        "tainted": false
                    },
                    "deposed": [],
                    "provider": ""
                },
                "aws_instance.nat": {
                    "type": "aws_instance",
                    "depends_on": [
                        "aws_security_group.nat",
                        "aws_subnet.public-a"
                    ],
                    "primary": {
                        "id": "i-3ef41583",
                        "attributes": {
                            "ami": "ami-1e073a03",
                            "associate_public_ip_address": "true",
                            "availability_zone": "eu-central-1a",
                            "disable_api_termination": "false",
                            "ebs_block_device.#": "0",
                            "ebs_optimized": "false",
                            "ephemeral_block_device.#": "0",
                            "iam_instance_profile": "",
                            "id": "i-3ef41583",
                            "instance_state": "running",
                            "instance_type": "t2.small",
                            "key_name": "",
                            "monitoring": "false",
                            "network_interface_id": "eni-b99d3bd1",
                            "private_dns": "ip-10-0-2-190.eu-central-1.compute.internal",
                            "private_ip": "10.0.2.190",
                            "public_dns": "ec2-52-29-22-205.eu-central-1.compute.amazonaws.com",
                            "public_ip": "52.29.22.205",
                            "root_block_device.#": "1",
                            "root_block_device.0.delete_on_termination": "true",
                            "root_block_device.0.iops": "0",
                            "root_block_device.0.volume_size": "8",
                            "root_block_device.0.volume_type": "standard",
                            "security_groups.#": "0",
                            "source_dest_check": "false",
                            "subnet_id": "subnet-3cbd0155",
                            "tags.%": "1",
                            "tags.Name": "nat",
                            "tenancy": "default",
                            "vpc_security_group_ids.#": "1",
                            "vpc_security_group_ids.2176234776": "sg-85eb84ec"
                        },
                        "meta": {
                            "schema_version": "1"
                        },
                        "tainted": false
                    },
                    "deposed": [],
                    "provider": ""
                },
                "aws_internet_gateway.default": {
                    "type": "aws_internet_gateway",
                    "depends_on": [
                        "aws_vpc.tapglue"
                    ],
                    "primary": {
                        "id": "igw-25f1244c",
                        "attributes": {
                            "id": "igw-25f1244c",
                            "tags.%": "0",
                            "vpc_id": "vpc-03953c6a"
                        },
                        "meta": {},
                        "tainted": false
                    },
                    "deposed": [],
                    "provider": ""
                },
                "aws_key_pair.debug": {
                    "type": "aws_key_pair",
                    "depends_on": [],
                    "primary": {
                        "id": "debug",
                        "attributes": {
                            "fingerprint": "db:a8:01:60:5e:b2:d9:d8:78:b3:8b:96:b1:e8:80:fc",
                            "id": "debug",
                            "key_name": "debug",
                            "public_key": "ssh-rsa AAAAB3NzaC1yc2EAAAADAQABAAABAQCuFsJxH52k7iI4mseWljlbQhwIfbpVPuDCTOBo6YtI7xL3f3jfme4fqziwt+iqavRW2MgGsgoYGITNYstZa5zzT4Zo6CTZ0XpeLYZrrXQOxXrXjesRA478bCsU4gpCrPiy5Uzw3e2d1HLF/deLjnmREshzqaEQKoL8tzG51esBTIna+M5aWD0AGPFotO3J2sFTRnbAIxeVj4bKWAfaE2+WG1MX1VemDGeGrHmW6UbPoymHOD7Y5c/F00Bv+Pgk5LwCyRCvEzMLbl2GHpEJd3vcouwEToyADlN1rXc+85SfVtlwS8F3fX6vqjQ/2fMzG4syaDEeUJLsBcE2glNIwDH/ debug"
                        },
                        "meta": {
                            "schema_version": "1"
                        },
                        "tainted": false
                    },
                    "deposed": [],
                    "provider": ""
                },
                "aws_launch_configuration.corporate": {
                    "type": "aws_launch_configuration",
                    "depends_on": [
                        "aws_iam_instance_profile.corporate",
                        "aws_security_group.gateway",
                        "aws_security_group.private",
                        "aws_security_group.service"
                    ],
                    "primary": {
                        "id": "terraform-qmz5c2ep2zampdplpwnh6n5o6e",
                        "attributes": {
                            "associate_public_ip_address": "false",
                            "ebs_block_device.#": "0",
                            "ebs_optimized": "false",
                            "enable_monitoring": "false",
                            "ephemeral_block_device.#": "0",
                            "iam_instance_profile": "prod-corporate",
                            "id": "terraform-qmz5c2ep2zampdplpwnh6n5o6e",
                            "image_id": "ami-dd9370b2",
                            "instance_type": "t2.micro",
                            "key_name": "",
                            "name": "terraform-qmz5c2ep2zampdplpwnh6n5o6e",
                            "root_block_device.#": "0",
                            "security_groups.#": "3",
                            "security_groups.2841870988": "sg-6aea8503",
                            "security_groups.3462777154": "sg-8eeb84e7",
                            "security_groups.857127680": "sg-82eb84eb",
                            "spot_price": "",
                            "vpc_classic_link_id": "",
                            "vpc_classic_link_security_groups.#": "0"
                        },
                        "meta": {},
                        "tainted": false
                    },
                    "deposed": [],
                    "provider": ""
                },
                "aws_launch_configuration.frontend": {
                    "type": "aws_launch_configuration",
                    "depends_on": [
                        "aws_iam_instance_profile.frontend",
                        "aws_security_group.gateway",
                        "aws_security_group.private",
                        "aws_security_group.service"
                    ],
                    "primary": {
                        "id": "terraform-zszmbf42s5hqjahj4jlbvdwupi",
                        "attributes": {
                            "associate_public_ip_address": "false",
                            "ebs_block_device.#": "0",
                            "ebs_optimized": "false",
                            "enable_monitoring": "true",
                            "ephemeral_block_device.#": "0",
                            "iam_instance_profile": "prod-frontend",
                            "id": "terraform-zszmbf42s5hqjahj4jlbvdwupi",
                            "image_id": "ami-c63c21aa",
                            "instance_type": "t2.medium",
                            "key_name": "",
                            "name": "terraform-zszmbf42s5hqjahj4jlbvdwupi",
                            "root_block_device.#": "0",
                            "security_groups.#": "3",
                            "security_groups.2841870988": "sg-6aea8503",
                            "security_groups.3462777154": "sg-8eeb84e7",
                            "security_groups.857127680": "sg-82eb84eb",
                            "spot_price": "",
                            "vpc_classic_link_id": "",
                            "vpc_classic_link_security_groups.#": "0"
                        },
                        "meta": {},
                        "tainted": false
                    },
                    "deposed": [],
                    "provider": ""
                },
                "aws_launch_configuration.service": {
                    "type": "aws_launch_configuration",
                    "depends_on": [
                        "aws_iam_instance_profile.service",
                        "aws_key_pair.debug",
                        "aws_security_group.gateway",
                        "aws_security_group.private",
                        "aws_security_group.service"
                    ],
                    "primary": {
                        "id": "terraform-tdcbhtz3evbktdubx4dav3j5yq",
                        "attributes": {
                            "associate_public_ip_address": "false",
                            "ebs_block_device.#": "0",
                            "ebs_optimized": "false",
                            "enable_monitoring": "true",
                            "ephemeral_block_device.#": "0",
                            "iam_instance_profile": "service",
                            "id": "terraform-tdcbhtz3evbktdubx4dav3j5yq",
                            "image_id": "ami-c3253caf",
                            "instance_type": "m4.large",
                            "key_name": "debug",
                            "name": "terraform-tdcbhtz3evbktdubx4dav3j5yq",
                            "root_block_device.#": "0",
                            "security_groups.#": "3",
                            "security_groups.2841870988": "sg-6aea8503",
                            "security_groups.3462777154": "sg-8eeb84e7",
                            "security_groups.857127680": "sg-82eb84eb",
                            "spot_price": "",
                            "user_data": "8be41a6321a63bcf66975cfff85e66dc0c29c3de",
                            "vpc_classic_link_id": "",
                            "vpc_classic_link_security_groups.#": "0"
                        },
                        "meta": {},
                        "tainted": false
                    },
                    "deposed": [],
                    "provider": ""
                },
                "aws_route53_record.cache-app": {
                    "type": "aws_route53_record",
                    "depends_on": [
                        "aws_elasticache_cluster.rate-limiter",
                        "aws_route53_zone.tapglue-internal"
                    ],
                    "primary": {
                        "id": "Z115PJT86EEG41_cache-app_CNAME",
                        "attributes": {
                            "fqdn": "cache-app.tapglue.int",
                            "health_check_id": "",
                            "id": "Z115PJT86EEG41_cache-app_CNAME",
                            "name": "cache-app",
                            "records.#": "1",
                            "records.2356400907": "rate-limiter.ia5n2m.0001.euc1.cache.amazonaws.com",
                            "set_identifier": "",
                            "ttl": "5",
                            "type": "CNAME",
                            "zone_id": "Z115PJT86EEG41"
                        },
                        "meta": {
                            "schema_version": "2"
                        },
                        "tainted": false
                    },
                    "deposed": [],
                    "provider": ""
                },
                "aws_route53_record.db-master": {
                    "type": "aws_route53_record",
                    "depends_on": [
                        "aws_db_instance.master",
                        "aws_route53_zone.tapglue-internal"
                    ],
                    "primary": {
                        "id": "Z115PJT86EEG41_db-master_CNAME",
                        "attributes": {
                            "fqdn": "db-master.tapglue.int",
                            "health_check_id": "",
                            "id": "Z115PJT86EEG41_db-master_CNAME",
                            "name": "db-master",
                            "records.#": "1",
                            "records.3839063575": "tapglue-master.cjbsar0saq0y.eu-central-1.rds.amazonaws.com",
                            "set_identifier": "",
                            "ttl": "5",
                            "type": "CNAME",
                            "zone_id": "Z115PJT86EEG41"
                        },
                        "meta": {
                            "schema_version": "2"
                        },
                        "tainted": false
                    },
                    "deposed": [],
                    "provider": ""
                },
                "aws_route53_record.db-slave1": {
                    "type": "aws_route53_record",
                    "depends_on": [
                        "aws_db_instance.master",
                        "aws_route53_zone.tapglue-internal"
                    ],
                    "primary": {
                        "id": "Z115PJT86EEG41_db-slave1_CNAME",
                        "attributes": {
                            "fqdn": "db-slave1.tapglue.int",
                            "health_check_id": "",
                            "id": "Z115PJT86EEG41_db-slave1_CNAME",
                            "name": "db-slave1",
                            "records.#": "1",
                            "records.3839063575": "tapglue-master.cjbsar0saq0y.eu-central-1.rds.amazonaws.com",
                            "set_identifier": "",
                            "ttl": "5",
                            "type": "CNAME",
                            "zone_id": "Z115PJT86EEG41"
                        },
                        "meta": {
                            "schema_version": "2"
                        },
                        "tainted": false
                    },
                    "deposed": [],
                    "provider": ""
                },
                "aws_route53_record.db-slave2": {
                    "type": "aws_route53_record",
                    "depends_on": [
                        "aws_db_instance.master",
                        "aws_route53_zone.tapglue-internal"
                    ],
                    "primary": {
                        "id": "Z115PJT86EEG41_db-slave2_CNAME",
                        "attributes": {
                            "fqdn": "db-slave2.tapglue.int",
                            "health_check_id": "",
                            "id": "Z115PJT86EEG41_db-slave2_CNAME",
                            "name": "db-slave2",
                            "records.#": "1",
                            "records.3839063575": "tapglue-master.cjbsar0saq0y.eu-central-1.rds.amazonaws.com",
                            "set_identifier": "",
                            "ttl": "5",
                            "type": "CNAME",
                            "zone_id": "Z115PJT86EEG41"
                        },
                        "meta": {
                            "schema_version": "2"
                        },
                        "tainted": false
                    },
                    "deposed": [],
                    "provider": ""
                },
                "aws_route53_record.rate-limiter": {
                    "type": "aws_route53_record",
                    "depends_on": [
                        "aws_elasticache_cluster.rate-limiter",
                        "aws_route53_zone.tapglue-internal"
                    ],
                    "primary": {
                        "id": "Z115PJT86EEG41_rate-limiter_CNAME",
                        "attributes": {
                            "fqdn": "rate-limiter.tapglue.int",
                            "health_check_id": "",
                            "id": "Z115PJT86EEG41_rate-limiter_CNAME",
                            "name": "rate-limiter",
                            "records.#": "1",
                            "records.2356400907": "rate-limiter.ia5n2m.0001.euc1.cache.amazonaws.com",
                            "set_identifier": "",
                            "ttl": "5",
                            "type": "CNAME",
                            "zone_id": "Z115PJT86EEG41"
                        },
                        "meta": {
                            "schema_version": "2"
                        },
                        "tainted": false
                    },
                    "deposed": [],
                    "provider": ""
                },
                "aws_route53_record.ratelimiter-cache": {
                    "type": "aws_route53_record",
                    "depends_on": [
                        "aws_elasticache_cluster.rate-limiter",
                        "aws_route53_zone.env"
                    ],
                    "primary": {
                        "id": "Z1T0WHWPLU7T40_cache.ratelimiter_CNAME",
                        "attributes": {
                            "fqdn": "cache.ratelimiter.prod-legacy.eu-central-1",
                            "health_check_id": "",
                            "id": "Z1T0WHWPLU7T40_cache.ratelimiter_CNAME",
                            "name": "cache.ratelimiter",
                            "records.#": "1",
                            "records.2356400907": "rate-limiter.ia5n2m.0001.euc1.cache.amazonaws.com",
                            "set_identifier": "",
                            "ttl": "5",
                            "type": "CNAME",
                            "zone_id": "Z1T0WHWPLU7T40"
                        },
                        "meta": {
                            "schema_version": "2"
                        },
                        "tainted": false
                    },
                    "deposed": [],
                    "provider": ""
                },
                "aws_route53_record.service-db": {
                    "type": "aws_route53_record",
                    "depends_on": [
                        "aws_db_instance.master",
                        "aws_route53_zone.env"
                    ],
                    "primary": {
                        "id": "Z1T0WHWPLU7T40_db-master.service_CNAME",
                        "attributes": {
                            "fqdn": "db-master.service.prod-legacy.eu-central-1",
                            "health_check_id": "",
                            "id": "Z1T0WHWPLU7T40_db-master.service_CNAME",
                            "name": "db-master.service",
                            "records.#": "1",
                            "records.3839063575": "tapglue-master.cjbsar0saq0y.eu-central-1.rds.amazonaws.com",
                            "set_identifier": "",
                            "ttl": "5",
                            "type": "CNAME",
                            "zone_id": "Z1T0WHWPLU7T40"
                        },
                        "meta": {
                            "schema_version": "2"
                        },
                        "tainted": false
                    },
                    "deposed": [],
                    "provider": ""
                },
                "aws_route53_zone.env": {
                    "type": "aws_route53_zone",
                    "depends_on": [
                        "aws_vpc.tapglue"
                    ],
                    "primary": {
                        "id": "Z1T0WHWPLU7T40",
                        "attributes": {
                            "comment": "zone to isolate DNS routes for prod-legacy.eu-central-1",
                            "force_destroy": "false",
                            "id": "Z1T0WHWPLU7T40",
                            "name": "prod-legacy.eu-central-1",
                            "name_servers.#": "4",
                            "name_servers.0": "ns-0.awsdns-00.com.",
                            "name_servers.1": "ns-1024.awsdns-00.org.",
                            "name_servers.2": "ns-1536.awsdns-00.co.uk.",
                            "name_servers.3": "ns-512.awsdns-00.net.",
                            "tags.%": "0",
                            "vpc_id": "vpc-03953c6a",
                            "vpc_region": "eu-central-1",
                            "zone_id": "Z1T0WHWPLU7T40"
                        },
                        "meta": {},
                        "tainted": false
                    },
                    "deposed": [],
                    "provider": ""
                },
                "aws_route53_zone.tapglue-internal": {
                    "type": "aws_route53_zone",
                    "depends_on": [
                        "aws_vpc.tapglue"
                    ],
                    "primary": {
                        "id": "Z115PJT86EEG41",
                        "attributes": {
                            "comment": "Internal prod zone",
                            "force_destroy": "false",
                            "id": "Z115PJT86EEG41",
                            "name": "tapglue.int",
                            "name_servers.#": "4",
                            "name_servers.0": "ns-0.awsdns-00.com.",
                            "name_servers.1": "ns-1024.awsdns-00.org.",
                            "name_servers.2": "ns-1536.awsdns-00.co.uk.",
                            "name_servers.3": "ns-512.awsdns-00.net.",
                            "tags.%": "1",
                            "tags.Environment": "prod",
                            "vpc_id": "vpc-03953c6a",
                            "vpc_region": "eu-central-1",
                            "zone_id": "Z115PJT86EEG41"
                        },
                        "meta": {},
                        "tainted": false
                    },
                    "deposed": [],
                    "provider": ""
                },
                "aws_route_table.public": {
                    "type": "aws_route_table",
                    "depends_on": [
                        "aws_internet_gateway.default",
                        "aws_vpc.tapglue"
                    ],
                    "primary": {
                        "id": "rtb-59803430",
                        "attributes": {
                            "id": "rtb-59803430",
                            "propagating_vgws.#": "0",
                            "route.#": "1",
                            "route.7769754.cidr_block": "0.0.0.0/0",
                            "route.7769754.gateway_id": "igw-25f1244c",
                            "route.7769754.instance_id": "",
                            "route.7769754.nat_gateway_id": "",
                            "route.7769754.network_interface_id": "",
                            "route.7769754.vpc_peering_connection_id": "",
                            "tags.%": "1",
                            "tags.Name": "public",
                            "vpc_id": "vpc-03953c6a"
                        },
                        "meta": {},
                        "tainted": false
                    },
                    "deposed": [],
                    "provider": ""
                },
                "aws_route_table.to-nat": {
                    "type": "aws_route_table",
                    "depends_on": [
                        "aws_instance.nat",
                        "aws_vpc.tapglue"
                    ],
                    "primary": {
                        "id": "rtb-314cf858",
                        "attributes": {
                            "id": "rtb-314cf858",
                            "propagating_vgws.#": "0",
                            "route.#": "1",
                            "route.2270624924.cidr_block": "0.0.0.0/0",
                            "route.2270624924.gateway_id": "",
                            "route.2270624924.instance_id": "i-3ef41583",
                            "route.2270624924.nat_gateway_id": "",
                            "route.2270624924.network_interface_id": "eni-b99d3bd1",
                            "route.2270624924.vpc_peering_connection_id": "",
                            "tags.%": "1",
                            "tags.Name": "nat",
                            "vpc_id": "vpc-03953c6a"
                        },
                        "meta": {},
                        "tainted": false
                    },
                    "deposed": [],
                    "provider": ""
                },
                "aws_route_table_association.corporate-a": {
                    "type": "aws_route_table_association",
                    "depends_on": [
                        "aws_route_table.to-nat",
                        "aws_subnet.corporate-a"
                    ],
                    "primary": {
                        "id": "rtbassoc-4f457326",
                        "attributes": {
                            "id": "rtbassoc-4f457326",
                            "route_table_id": "rtb-314cf858",
                            "subnet_id": "subnet-3dbd0154"
                        },
                        "meta": {},
                        "tainted": false
                    },
                    "deposed": [],
                    "provider": ""
                },
                "aws_route_table_association.corporate-b": {
                    "type": "aws_route_table_association",
                    "depends_on": [
                        "aws_route_table.to-nat",
                        "aws_subnet.corporate-b"
                    ],
                    "primary": {
                        "id": "rtbassoc-4245732b",
                        "attributes": {
                            "id": "rtbassoc-4245732b",
                            "route_table_id": "rtb-314cf858",
                            "subnet_id": "subnet-b6815dcd"
                        },
                        "meta": {},
                        "tainted": false
                    },
                    "deposed": [],
                    "provider": ""
                },
                "aws_route_table_association.frontend-a": {
                    "type": "aws_route_table_association",
                    "depends_on": [
                        "aws_route_table.to-nat",
                        "aws_subnet.frontend-a"
                    ],
                    "primary": {
                        "id": "rtbassoc-eb229582",
                        "attributes": {
                            "id": "rtbassoc-eb229582",
                            "route_table_id": "rtb-314cf858",
                            "subnet_id": "subnet-3fbd0156"
                        },
                        "meta": {},
                        "tainted": false
                    },
                    "deposed": [],
                    "provider": ""
                },
                "aws_route_table_association.frontend-b": {
                    "type": "aws_route_table_association",
                    "depends_on": [
                        "aws_route_table.to-nat",
                        "aws_subnet.frontend-b"
                    ],
                    "primary": {
                        "id": "rtbassoc-ec229585",
                        "attributes": {
                            "id": "rtbassoc-ec229585",
                            "route_table_id": "rtb-314cf858",
                            "subnet_id": "subnet-b3815dc8"
                        },
                        "meta": {},
                        "tainted": false
                    },
                    "deposed": [],
                    "provider": ""
                },
                "aws_route_table_association.monitoring-a": {
                    "type": "aws_route_table_association",
                    "depends_on": [
                        "aws_route_table.to-nat",
                        "aws_subnet.monitoring-a"
                    ],
                    "primary": {
                        "id": "rtbassoc-54bb383d",
                        "attributes": {
                            "id": "rtbassoc-54bb383d",
                            "route_table_id": "rtb-314cf858",
                            "subnet_id": "subnet-9ea921f7"
                        },
                        "meta": {},
                        "tainted": false
                    },
                    "deposed": [],
                    "provider": ""
                },
                "aws_route_table_association.monitoring-b": {
                    "type": "aws_route_table_association",
                    "depends_on": [
                        "aws_route_table.to-nat",
                        "aws_subnet.monitoring-b"
                    ],
                    "primary": {
                        "id": "rtbassoc-55bb383c",
                        "attributes": {
                            "id": "rtbassoc-55bb383c",
                            "route_table_id": "rtb-314cf858",
                            "subnet_id": "subnet-e8a10893"
                        },
                        "meta": {},
                        "tainted": false
                    },
                    "deposed": [],
                    "provider": ""
                },
                "aws_route_table_association.public-a": {
                    "type": "aws_route_table_association",
                    "depends_on": [
                        "aws_route_table.public",
                        "aws_subnet.public-a"
                    ],
                    "primary": {
                        "id": "rtbassoc-d467d0bd",
                        "attributes": {
                            "id": "rtbassoc-d467d0bd",
                            "route_table_id": "rtb-59803430",
                            "subnet_id": "subnet-3cbd0155"
                        },
                        "meta": {},
                        "tainted": false
                    },
                    "deposed": [],
                    "provider": ""
                },
                "aws_route_table_association.public-b": {
                    "type": "aws_route_table_association",
                    "depends_on": [
                        "aws_route_table.public",
                        "aws_subnet.public-b"
                    ],
                    "primary": {
                        "id": "rtbassoc-d767d0be",
                        "attributes": {
                            "id": "rtbassoc-d767d0be",
                            "route_table_id": "rtb-59803430",
                            "subnet_id": "subnet-b0815dcb"
                        },
                        "meta": {},
                        "tainted": false
                    },
                    "deposed": [],
                    "provider": ""
                },
                "aws_security_group.gateway": {
                    "type": "aws_security_group",
                    "depends_on": [
                        "aws_vpc.tapglue"
                    ],
                    "primary": {
                        "id": "sg-82eb84eb",
                        "attributes": {
                            "description": "Gateway node firewall rules",
                            "egress.#": "0",
                            "id": "sg-82eb84eb",
                            "ingress.#": "4",
                            "ingress.1732104686.cidr_blocks.#": "0",
                            "ingress.1732104686.from_port": "80",
                            "ingress.1732104686.protocol": "tcp",
                            "ingress.1732104686.security_groups.#": "1",
                            "ingress.1732104686.security_groups.1479549525": "sg-80eb84e9",
                            "ingress.1732104686.self": "false",
                            "ingress.1732104686.to_port": "80",
                            "ingress.2245881213.cidr_blocks.#": "0",
                            "ingress.2245881213.from_port": "0",
                            "ingress.2245881213.protocol": "tcp",
                            "ingress.2245881213.security_groups.#": "1",
                            "ingress.2245881213.security_groups.2884644970": "sg-71180318",
                            "ingress.2245881213.self": "false",
                            "ingress.2245881213.to_port": "65535",
                            "ingress.2336022824.cidr_blocks.#": "0",
                            "ingress.2336022824.from_port": "443",
                            "ingress.2336022824.protocol": "tcp",
                            "ingress.2336022824.security_groups.#": "1",
                            "ingress.2336022824.security_groups.1479549525": "sg-80eb84e9",
                            "ingress.2336022824.self": "false",
                            "ingress.2336022824.to_port": "443",
                            "ingress.776903995.cidr_blocks.#": "0",
                            "ingress.776903995.from_port": "8080",
                            "ingress.776903995.protocol": "tcp",
                            "ingress.776903995.security_groups.#": "1",
                            "ingress.776903995.security_groups.1479549525": "sg-80eb84e9",
                            "ingress.776903995.self": "false",
                            "ingress.776903995.to_port": "8085",
                            "name": "gateway",
                            "owner_id": "775034650473",
                            "tags.%": "1",
                            "tags.Name": "gateway",
                            "vpc_id": "vpc-03953c6a"
                        },
                        "meta": {},
                        "tainted": false
                    },
                    "deposed": [],
                    "provider": ""
                },
                "aws_security_group.loadbalancer": {
                    "type": "aws_security_group",
                    "depends_on": [
                        "aws_vpc.tapglue"
                    ],
                    "primary": {
                        "id": "sg-80eb84e9",
                        "attributes": {
                            "description": "Loadbalancer firewall rules",
                            "egress.#": "4",
                            "egress.1977679080.cidr_blocks.#": "0",
                            "egress.1977679080.from_port": "3000",
                            "egress.1977679080.prefix_list_ids.#": "0",
                            "egress.1977679080.protocol": "tcp",
                            "egress.1977679080.security_groups.#": "1",
                            "egress.1977679080.security_groups.208199950": "sg-83eb84ea",
                            "egress.1977679080.self": "false",
                            "egress.1977679080.to_port": "3000",
                            "egress.2086097420.cidr_blocks.#": "0",
                            "egress.2086097420.from_port": "80",
                            "egress.2086097420.prefix_list_ids.#": "0",
                            "egress.2086097420.protocol": "tcp",
                            "egress.2086097420.security_groups.#": "1",
                            "egress.2086097420.security_groups.857127680": "sg-82eb84eb",
                            "egress.2086097420.self": "false",
                            "egress.2086097420.to_port": "80",
                            "egress.2421580490.cidr_blocks.#": "0",
                            "egress.2421580490.from_port": "443",
                            "egress.2421580490.prefix_list_ids.#": "0",
                            "egress.2421580490.protocol": "tcp",
                            "egress.2421580490.security_groups.#": "1",
                            "egress.2421580490.security_groups.857127680": "sg-82eb84eb",
                            "egress.2421580490.self": "false",
                            "egress.2421580490.to_port": "443",
                            "egress.891559641.cidr_blocks.#": "0",
                            "egress.891559641.from_port": "8080",
                            "egress.891559641.prefix_list_ids.#": "0",
                            "egress.891559641.protocol": "tcp",
                            "egress.891559641.security_groups.#": "1",
                            "egress.891559641.security_groups.857127680": "sg-82eb84eb",
                            "egress.891559641.self": "false",
                            "egress.891559641.to_port": "8085",
                            "id": "sg-80eb84e9",
                            "ingress.#": "3",
                            "ingress.2245881213.cidr_blocks.#": "0",
                            "ingress.2245881213.from_port": "0",
                            "ingress.2245881213.protocol": "tcp",
                            "ingress.2245881213.security_groups.#": "1",
                            "ingress.2245881213.security_groups.2884644970": "sg-71180318",
                            "ingress.2245881213.self": "false",
                            "ingress.2245881213.to_port": "65535",
                            "ingress.2864670093.cidr_blocks.#": "14",
                            "ingress.2864670093.cidr_blocks.0": "103.21.244.0/22",
                            "ingress.2864670093.cidr_blocks.1": "103.22.200.0/22",
                            "ingress.2864670093.cidr_blocks.10": "190.93.240.0/20",
                            "ingress.2864670093.cidr_blocks.11": "197.234.240.0/22",
                            "ingress.2864670093.cidr_blocks.12": "198.41.128.0/17",
                            "ingress.2864670093.cidr_blocks.13": "199.27.128.0/21",
                            "ingress.2864670093.cidr_blocks.2": "103.31.4.0/22",
                            "ingress.2864670093.cidr_blocks.3": "104.16.0.0/12",
                            "ingress.2864670093.cidr_blocks.4": "108.162.192.0/18",
                            "ingress.2864670093.cidr_blocks.5": "141.101.64.0/18",
                            "ingress.2864670093.cidr_blocks.6": "162.158.0.0/15",
                            "ingress.2864670093.cidr_blocks.7": "172.64.0.0/13",
                            "ingress.2864670093.cidr_blocks.8": "173.245.48.0/20",
                            "ingress.2864670093.cidr_blocks.9": "188.114.96.0/20",
                            "ingress.2864670093.from_port": "80",
                            "ingress.2864670093.protocol": "tcp",
                            "ingress.2864670093.security_groups.#": "0",
                            "ingress.2864670093.self": "false",
                            "ingress.2864670093.to_port": "80",
                            "ingress.4132878043.cidr_blocks.#": "14",
                            "ingress.4132878043.cidr_blocks.0": "103.21.244.0/22",
                            "ingress.4132878043.cidr_blocks.1": "103.22.200.0/22",
                            "ingress.4132878043.cidr_blocks.10": "190.93.240.0/20",
                            "ingress.4132878043.cidr_blocks.11": "197.234.240.0/22",
                            "ingress.4132878043.cidr_blocks.12": "198.41.128.0/17",
                            "ingress.4132878043.cidr_blocks.13": "199.27.128.0/21",
                            "ingress.4132878043.cidr_blocks.2": "103.31.4.0/22",
                            "ingress.4132878043.cidr_blocks.3": "104.16.0.0/12",
                            "ingress.4132878043.cidr_blocks.4": "108.162.192.0/18",
                            "ingress.4132878043.cidr_blocks.5": "141.101.64.0/18",
                            "ingress.4132878043.cidr_blocks.6": "162.158.0.0/15",
                            "ingress.4132878043.cidr_blocks.7": "172.64.0.0/13",
                            "ingress.4132878043.cidr_blocks.8": "173.245.48.0/20",
                            "ingress.4132878043.cidr_blocks.9": "188.114.96.0/20",
                            "ingress.4132878043.from_port": "443",
                            "ingress.4132878043.protocol": "tcp",
                            "ingress.4132878043.security_groups.#": "0",
                            "ingress.4132878043.self": "false",
                            "ingress.4132878043.to_port": "443",
                            "name": "loadbalancer",
                            "owner_id": "775034650473",
                            "tags.%": "1",
                            "tags.Name": "loadbalancer",
                            "vpc_id": "vpc-03953c6a"
                        },
                        "meta": {},
                        "tainted": false
                    },
                    "deposed": [],
                    "provider": ""
                },
                "aws_security_group.nat": {
                    "type": "aws_security_group",
                    "depends_on": [
                        "aws_vpc.tapglue"
                    ],
                    "primary": {
                        "id": "sg-85eb84ec",
                        "attributes": {
                            "description": "NAT node firewall rules",
                            "egress.#": "10",
                            "egress.1022526118.cidr_blocks.#": "1",
                            "egress.1022526118.cidr_blocks.0": "0.0.0.0/0",
                            "egress.1022526118.from_port": "25",
                            "egress.1022526118.prefix_list_ids.#": "0",
                            "egress.1022526118.protocol": "tcp",
                            "egress.1022526118.security_groups.#": "0",
                            "egress.1022526118.self": "false",
                            "egress.1022526118.to_port": "25",
                            "egress.1391615095.cidr_blocks.#": "0",
                            "egress.1391615095.from_port": "22",
                            "egress.1391615095.prefix_list_ids.#": "0",
                            "egress.1391615095.protocol": "tcp",
                            "egress.1391615095.security_groups.#": "1",
                            "egress.1391615095.security_groups.3462777154": "sg-8eeb84e7",
                            "egress.1391615095.self": "false",
                            "egress.1391615095.to_port": "22",
                            "egress.175581810.cidr_blocks.#": "1",
                            "egress.175581810.cidr_blocks.0": "0.0.0.0/0",
                            "egress.175581810.from_port": "123",
                            "egress.175581810.prefix_list_ids.#": "0",
                            "egress.175581810.protocol": "udp",
                            "egress.175581810.security_groups.#": "0",
                            "egress.175581810.self": "false",
                            "egress.175581810.to_port": "123",
                            "egress.2214680975.cidr_blocks.#": "1",
                            "egress.2214680975.cidr_blocks.0": "0.0.0.0/0",
                            "egress.2214680975.from_port": "80",
                            "egress.2214680975.prefix_list_ids.#": "0",
                            "egress.2214680975.protocol": "tcp",
                            "egress.2214680975.security_groups.#": "0",
                            "egress.2214680975.self": "false",
                            "egress.2214680975.to_port": "80",
                            "egress.2491066110.cidr_blocks.#": "1",
                            "egress.2491066110.cidr_blocks.0": "0.0.0.0/0",
                            "egress.2491066110.from_port": "5000",
                            "egress.2491066110.prefix_list_ids.#": "0",
                            "egress.2491066110.protocol": "tcp",
                            "egress.2491066110.security_groups.#": "0",
                            "egress.2491066110.self": "false",
                            "egress.2491066110.to_port": "5000",
                            "egress.2617001939.cidr_blocks.#": "1",
                            "egress.2617001939.cidr_blocks.0": "0.0.0.0/0",
                            "egress.2617001939.from_port": "443",
                            "egress.2617001939.prefix_list_ids.#": "0",
                            "egress.2617001939.protocol": "tcp",
                            "egress.2617001939.security_groups.#": "0",
                            "egress.2617001939.self": "false",
                            "egress.2617001939.to_port": "443",
                            "egress.2656737972.cidr_blocks.#": "1",
                            "egress.2656737972.cidr_blocks.0": "0.0.0.0/0",
                            "egress.2656737972.from_port": "6514",
                            "egress.2656737972.prefix_list_ids.#": "0",
                            "egress.2656737972.protocol": "tcp",
                            "egress.2656737972.security_groups.#": "0",
                            "egress.2656737972.self": "false",
                            "egress.2656737972.to_port": "6514",
                            "egress.3464463693.cidr_blocks.#": "1",
                            "egress.3464463693.cidr_blocks.0": "0.0.0.0/0",
                            "egress.3464463693.from_port": "587",
                            "egress.3464463693.prefix_list_ids.#": "0",
                            "egress.3464463693.protocol": "tcp",
                            "egress.3464463693.security_groups.#": "0",
                            "egress.3464463693.self": "false",
                            "egress.3464463693.to_port": "587",
                            "egress.3864864137.cidr_blocks.#": "1",
                            "egress.3864864137.cidr_blocks.0": "0.0.0.0/0",
                            "egress.3864864137.from_port": "465",
                            "egress.3864864137.prefix_list_ids.#": "0",
                            "egress.3864864137.protocol": "tcp",
                            "egress.3864864137.security_groups.#": "0",
                            "egress.3864864137.self": "false",
                            "egress.3864864137.to_port": "465",
                            "egress.848601548.cidr_blocks.#": "1",
                            "egress.848601548.cidr_blocks.0": "0.0.0.0/0",
                            "egress.848601548.from_port": "514",
                            "egress.848601548.prefix_list_ids.#": "0",
                            "egress.848601548.protocol": "tcp",
                            "egress.848601548.security_groups.#": "0",
                            "egress.848601548.self": "false",
                            "egress.848601548.to_port": "514",
                            "id": "sg-85eb84ec",
                            "ingress.#": "11",
                            "ingress.142160132.cidr_blocks.#": "0",
                            "ingress.142160132.from_port": "443",
                            "ingress.142160132.protocol": "tcp",
                            "ingress.142160132.security_groups.#": "1",
                            "ingress.142160132.security_groups.3462777154": "sg-8eeb84e7",
                            "ingress.142160132.self": "false",
                            "ingress.142160132.to_port": "443",
                            "ingress.2245881213.cidr_blocks.#": "0",
                            "ingress.2245881213.from_port": "0",
                            "ingress.2245881213.protocol": "tcp",
                            "ingress.2245881213.security_groups.#": "1",
                            "ingress.2245881213.security_groups.2884644970": "sg-71180318",
                            "ingress.2245881213.self": "false",
                            "ingress.2245881213.to_port": "65535",
                            "ingress.2353713599.cidr_blocks.#": "0",
                            "ingress.2353713599.from_port": "514",
                            "ingress.2353713599.protocol": "tcp",
                            "ingress.2353713599.security_groups.#": "1",
                            "ingress.2353713599.security_groups.3462777154": "sg-8eeb84e7",
                            "ingress.2353713599.self": "false",
                            "ingress.2353713599.to_port": "514",
                            "ingress.2355507394.cidr_blocks.#": "0",
                            "ingress.2355507394.from_port": "123",
                            "ingress.2355507394.protocol": "udp",
                            "ingress.2355507394.security_groups.#": "1",
                            "ingress.2355507394.security_groups.3462777154": "sg-8eeb84e7",
                            "ingress.2355507394.self": "false",
                            "ingress.2355507394.to_port": "123",
                            "ingress.2463195279.cidr_blocks.#": "0",
                            "ingress.2463195279.from_port": "587",
                            "ingress.2463195279.protocol": "tcp",
                            "ingress.2463195279.security_groups.#": "1",
                            "ingress.2463195279.security_groups.3462777154": "sg-8eeb84e7",
                            "ingress.2463195279.self": "false",
                            "ingress.2463195279.to_port": "587",
                            "ingress.2541437006.cidr_blocks.#": "1",
                            "ingress.2541437006.cidr_blocks.0": "0.0.0.0/0",
                            "ingress.2541437006.from_port": "22",
                            "ingress.2541437006.protocol": "tcp",
                            "ingress.2541437006.security_groups.#": "0",
                            "ingress.2541437006.self": "false",
                            "ingress.2541437006.to_port": "22",
                            "ingress.2973707654.cidr_blocks.#": "0",
                            "ingress.2973707654.from_port": "25",
                            "ingress.2973707654.protocol": "tcp",
                            "ingress.2973707654.security_groups.#": "1",
                            "ingress.2973707654.security_groups.3462777154": "sg-8eeb84e7",
                            "ingress.2973707654.self": "false",
                            "ingress.2973707654.to_port": "25",
                            "ingress.3668404139.cidr_blocks.#": "0",
                            "ingress.3668404139.from_port": "6514",
                            "ingress.3668404139.protocol": "tcp",
                            "ingress.3668404139.security_groups.#": "1",
                            "ingress.3668404139.security_groups.3462777154": "sg-8eeb84e7",
                            "ingress.3668404139.self": "false",
                            "ingress.3668404139.to_port": "6514",
                            "ingress.3833070018.cidr_blocks.#": "0",
                            "ingress.3833070018.from_port": "80",
                            "ingress.3833070018.protocol": "tcp",
                            "ingress.3833070018.security_groups.#": "1",
                            "ingress.3833070018.security_groups.3462777154": "sg-8eeb84e7",
                            "ingress.3833070018.self": "false",
                            "ingress.3833070018.to_port": "80",
                            "ingress.3952212239.cidr_blocks.#": "0",
                            "ingress.3952212239.from_port": "465",
                            "ingress.3952212239.protocol": "tcp",
                            "ingress.3952212239.security_groups.#": "1",
                            "ingress.3952212239.security_groups.3462777154": "sg-8eeb84e7",
                            "ingress.3952212239.self": "false",
                            "ingress.3952212239.to_port": "465",
                            "ingress.4284397187.cidr_blocks.#": "0",
                            "ingress.4284397187.from_port": "5000",
                            "ingress.4284397187.protocol": "tcp",
                            "ingress.4284397187.security_groups.#": "1",
                            "ingress.4284397187.security_groups.3462777154": "sg-8eeb84e7",
                            "ingress.4284397187.self": "false",
                            "ingress.4284397187.to_port": "5000",
                            "name": "nat",
                            "owner_id": "775034650473",
                            "tags.%": "1",
                            "tags.Name": "nat",
                            "vpc_id": "vpc-03953c6a"
                        },
                        "meta": {},
                        "tainted": false
                    },
                    "deposed": [],
                    "provider": ""
                },
                "aws_security_group.platform": {
                    "type": "aws_security_group",
                    "depends_on": [
                        "aws_vpc.tapglue"
                    ],
                    "primary": {
                        "id": "sg-83eb84ea",
                        "attributes": {
                            "description": "Platform node firewall rules",
                            "egress.#": "1",
                            "egress.1436904025.cidr_blocks.#": "0",
                            "egress.1436904025.from_port": "9000",
                            "egress.1436904025.prefix_list_ids.#": "0",
                            "egress.1436904025.protocol": "tcp",
                            "egress.1436904025.security_groups.#": "1",
                            "egress.1436904025.security_groups.2841870988": "sg-6aea8503",
                            "egress.1436904025.self": "false",
                            "egress.1436904025.to_port": "9100",
                            "id": "sg-83eb84ea",
                            "ingress.#": "5",
                            "ingress.2245881213.cidr_blocks.#": "0",
                            "ingress.2245881213.from_port": "0",
                            "ingress.2245881213.protocol": "tcp",
                            "ingress.2245881213.security_groups.#": "1",
                            "ingress.2245881213.security_groups.2884644970": "sg-71180318",
                            "ingress.2245881213.self": "false",
                            "ingress.2245881213.to_port": "65535",
                            "ingress.2299341911.cidr_blocks.#": "0",
                            "ingress.2299341911.from_port": "3000",
                            "ingress.2299341911.protocol": "tcp",
                            "ingress.2299341911.security_groups.#": "1",
                            "ingress.2299341911.security_groups.1479549525": "sg-80eb84e9",
                            "ingress.2299341911.self": "false",
                            "ingress.2299341911.to_port": "3000",
                            "ingress.3067102149.cidr_blocks.#": "0",
                            "ingress.3067102149.from_port": "3306",
                            "ingress.3067102149.protocol": "tcp",
                            "ingress.3067102149.security_groups.#": "1",
                            "ingress.3067102149.security_groups.2841870988": "sg-6aea8503",
                            "ingress.3067102149.self": "false",
                            "ingress.3067102149.to_port": "3306",
                            "ingress.4237723625.cidr_blocks.#": "0",
                            "ingress.4237723625.from_port": "5432",
                            "ingress.4237723625.protocol": "tcp",
                            "ingress.4237723625.security_groups.#": "1",
                            "ingress.4237723625.security_groups.2841870988": "sg-6aea8503",
                            "ingress.4237723625.self": "false",
                            "ingress.4237723625.to_port": "5432",
                            "ingress.4254121479.cidr_blocks.#": "0",
                            "ingress.4254121479.from_port": "6379",
                            "ingress.4254121479.protocol": "tcp",
                            "ingress.4254121479.security_groups.#": "1",
                            "ingress.4254121479.security_groups.2841870988": "sg-6aea8503",
                            "ingress.4254121479.self": "false",
                            "ingress.4254121479.to_port": "6379",
                            "name": "platform",
                            "owner_id": "775034650473",
                            "tags.%": "1",
                            "tags.Name": "platform",
                            "vpc_id": "vpc-03953c6a"
                        },
                        "meta": {},
                        "tainted": false
                    },
                    "deposed": [],
                    "provider": ""
                },
                "aws_security_group.private": {
                    "type": "aws_security_group",
                    "depends_on": [
                        "aws_vpc.tapglue"
                    ],
                    "primary": {
                        "id": "sg-8eeb84e7",
                        "attributes": {
                            "description": "Private node firewall rules",
                            "egress.#": "11",
                            "egress.127359828.cidr_blocks.#": "0",
                            "egress.127359828.from_port": "123",
                            "egress.127359828.prefix_list_ids.#": "0",
                            "egress.127359828.protocol": "udp",
                            "egress.127359828.security_groups.#": "1",
                            "egress.127359828.security_groups.2176234776": "sg-85eb84ec",
                            "egress.127359828.self": "false",
                            "egress.127359828.to_port": "123",
                            "egress.129743401.cidr_blocks.#": "0",
                            "egress.129743401.from_port": "514",
                            "egress.129743401.prefix_list_ids.#": "0",
                            "egress.129743401.protocol": "tcp",
                            "egress.129743401.security_groups.#": "1",
                            "egress.129743401.security_groups.2176234776": "sg-85eb84ec",
                            "egress.129743401.self": "false",
                            "egress.129743401.to_port": "514",
                            "egress.1364593725.cidr_blocks.#": "0",
                            "egress.1364593725.from_port": "6514",
                            "egress.1364593725.prefix_list_ids.#": "0",
                            "egress.1364593725.protocol": "tcp",
                            "egress.1364593725.security_groups.#": "1",
                            "egress.1364593725.security_groups.2176234776": "sg-85eb84ec",
                            "egress.1364593725.self": "false",
                            "egress.1364593725.to_port": "6514",
                            "egress.1616941721.cidr_blocks.#": "0",
                            "egress.1616941721.from_port": "465",
                            "egress.1616941721.prefix_list_ids.#": "0",
                            "egress.1616941721.protocol": "tcp",
                            "egress.1616941721.security_groups.#": "1",
                            "egress.1616941721.security_groups.2176234776": "sg-85eb84ec",
                            "egress.1616941721.self": "false",
                            "egress.1616941721.to_port": "465",
                            "egress.1871276628.cidr_blocks.#": "0",
                            "egress.1871276628.from_port": "80",
                            "egress.1871276628.prefix_list_ids.#": "0",
                            "egress.1871276628.protocol": "tcp",
                            "egress.1871276628.security_groups.#": "1",
                            "egress.1871276628.security_groups.2176234776": "sg-85eb84ec",
                            "egress.1871276628.self": "false",
                            "egress.1871276628.to_port": "80",
                            "egress.1957682453.cidr_blocks.#": "0",
                            "egress.1957682453.from_port": "5000",
                            "egress.1957682453.prefix_list_ids.#": "0",
                            "egress.1957682453.protocol": "tcp",
                            "egress.1957682453.security_groups.#": "1",
                            "egress.1957682453.security_groups.2176234776": "sg-85eb84ec",
                            "egress.1957682453.self": "false",
                            "egress.1957682453.to_port": "5000",
                            "egress.2206751378.cidr_blocks.#": "0",
                            "egress.2206751378.from_port": "443",
                            "egress.2206751378.prefix_list_ids.#": "0",
                            "egress.2206751378.protocol": "tcp",
                            "egress.2206751378.security_groups.#": "1",
                            "egress.2206751378.security_groups.2176234776": "sg-85eb84ec",
                            "egress.2206751378.self": "false",
                            "egress.2206751378.to_port": "443",
                            "egress.2617245984.cidr_blocks.#": "2",
                            "egress.2617245984.cidr_blocks.0": "10.0.4.0/22",
                            "egress.2617245984.cidr_blocks.1": "10.0.0.0/22",
                            "egress.2617245984.from_port": "80",
                            "egress.2617245984.prefix_list_ids.#": "0",
                            "egress.2617245984.protocol": "tcp",
                            "egress.2617245984.security_groups.#": "0",
                            "egress.2617245984.self": "false",
                            "egress.2617245984.to_port": "80",
                            "egress.421530393.cidr_blocks.#": "0",
                            "egress.421530393.from_port": "587",
                            "egress.421530393.prefix_list_ids.#": "0",
                            "egress.421530393.protocol": "tcp",
                            "egress.421530393.security_groups.#": "1",
                            "egress.421530393.security_groups.2176234776": "sg-85eb84ec",
                            "egress.421530393.self": "false",
                            "egress.421530393.to_port": "587",
                            "egress.942878221.cidr_blocks.#": "2",
                            "egress.942878221.cidr_blocks.0": "10.0.4.0/22",
                            "egress.942878221.cidr_blocks.1": "10.0.0.0/22",
                            "egress.942878221.from_port": "443",
                            "egress.942878221.prefix_list_ids.#": "0",
                            "egress.942878221.protocol": "tcp",
                            "egress.942878221.security_groups.#": "0",
                            "egress.942878221.self": "false",
                            "egress.942878221.to_port": "443",
                            "egress.986596880.cidr_blocks.#": "0",
                            "egress.986596880.from_port": "25",
                            "egress.986596880.prefix_list_ids.#": "0",
                            "egress.986596880.protocol": "tcp",
                            "egress.986596880.security_groups.#": "1",
                            "egress.986596880.security_groups.2176234776": "sg-85eb84ec",
                            "egress.986596880.self": "false",
                            "egress.986596880.to_port": "25",
                            "id": "sg-8eeb84e7",
                            "ingress.#": "2",
                            "ingress.2245881213.cidr_blocks.#": "0",
                            "ingress.2245881213.from_port": "0",
                            "ingress.2245881213.protocol": "tcp",
                            "ingress.2245881213.security_groups.#": "1",
                            "ingress.2245881213.security_groups.2884644970": "sg-71180318",
                            "ingress.2245881213.self": "false",
                            "ingress.2245881213.to_port": "65535",
                            "ingress.3640866785.cidr_blocks.#": "0",
                            "ingress.3640866785.from_port": "22",
                            "ingress.3640866785.protocol": "tcp",
                            "ingress.3640866785.security_groups.#": "1",
                            "ingress.3640866785.security_groups.2176234776": "sg-85eb84ec",
                            "ingress.3640866785.self": "false",
                            "ingress.3640866785.to_port": "22",
                            "name": "private",
                            "owner_id": "775034650473",
                            "tags.%": "1",
                            "tags.Name": "private",
                            "vpc_id": "vpc-03953c6a"
                        },
                        "meta": {},
                        "tainted": false
                    },
                    "deposed": [],
                    "provider": ""
                },
                "aws_security_group.service": {
                    "type": "aws_security_group",
                    "depends_on": [
                        "aws_vpc.tapglue"
                    ],
                    "primary": {
                        "id": "sg-6aea8503",
                        "attributes": {
                            "description": "Service node firewall rules",
                            "egress.#": "3",
                            "egress.3049499306.cidr_blocks.#": "0",
                            "egress.3049499306.from_port": "3306",
                            "egress.3049499306.prefix_list_ids.#": "0",
                            "egress.3049499306.protocol": "tcp",
                            "egress.3049499306.security_groups.#": "1",
                            "egress.3049499306.security_groups.208199950": "sg-83eb84ea",
                            "egress.3049499306.self": "false",
                            "egress.3049499306.to_port": "3306",
                            "egress.4270020456.cidr_blocks.#": "0",
                            "egress.4270020456.from_port": "6379",
                            "egress.4270020456.prefix_list_ids.#": "0",
                            "egress.4270020456.protocol": "tcp",
                            "egress.4270020456.security_groups.#": "1",
                            "egress.4270020456.security_groups.208199950": "sg-83eb84ea",
                            "egress.4270020456.self": "false",
                            "egress.4270020456.to_port": "6379",
                            "egress.4286934662.cidr_blocks.#": "0",
                            "egress.4286934662.from_port": "5432",
                            "egress.4286934662.prefix_list_ids.#": "0",
                            "egress.4286934662.protocol": "tcp",
                            "egress.4286934662.security_groups.#": "1",
                            "egress.4286934662.security_groups.208199950": "sg-83eb84ea",
                            "egress.4286934662.self": "false",
                            "egress.4286934662.to_port": "5432",
                            "id": "sg-6aea8503",
                            "ingress.#": "2",
                            "ingress.1454801718.cidr_blocks.#": "0",
                            "ingress.1454801718.from_port": "9000",
                            "ingress.1454801718.protocol": "tcp",
                            "ingress.1454801718.security_groups.#": "1",
                            "ingress.1454801718.security_groups.208199950": "sg-83eb84ea",
                            "ingress.1454801718.self": "false",
                            "ingress.1454801718.to_port": "9100",
                            "ingress.2245881213.cidr_blocks.#": "0",
                            "ingress.2245881213.from_port": "0",
                            "ingress.2245881213.protocol": "tcp",
                            "ingress.2245881213.security_groups.#": "1",
                            "ingress.2245881213.security_groups.2884644970": "sg-71180318",
                            "ingress.2245881213.self": "false",
                            "ingress.2245881213.to_port": "65535",
                            "name": "service",
                            "owner_id": "775034650473",
                            "tags.%": "1",
                            "tags.Name": "service",
                            "vpc_id": "vpc-03953c6a"
                        },
                        "meta": {},
                        "tainted": false
                    },
                    "deposed": [],
                    "provider": ""
                },
                "aws_security_group_rule.gateway_http_in": {
                    "type": "aws_security_group_rule",
                    "depends_on": [
                        "aws_security_group.gateway",
                        "aws_security_group.loadbalancer"
                    ],
                    "primary": {
                        "id": "sgrule-977543135",
                        "attributes": {
                            "cidr_blocks.#": "0",
                            "from_port": "80",
                            "id": "sgrule-977543135",
                            "prefix_list_ids.#": "0",
                            "protocol": "tcp",
                            "security_group_id": "sg-82eb84eb",
                            "self": "false",
                            "source_security_group_id": "sg-80eb84e9",
                            "to_port": "80",
                            "type": "ingress"
                        },
                        "meta": {
                            "schema_version": "2"
                        },
                        "tainted": false
                    },
                    "deposed": [],
                    "provider": ""
                },
                "aws_security_group_rule.gateway_https_in": {
                    "type": "aws_security_group_rule",
                    "depends_on": [
                        "aws_security_group.gateway",
                        "aws_security_group.loadbalancer"
                    ],
                    "primary": {
                        "id": "sgrule-3640652037",
                        "attributes": {
                            "cidr_blocks.#": "0",
                            "from_port": "443",
                            "id": "sgrule-3640652037",
                            "prefix_list_ids.#": "0",
                            "protocol": "tcp",
                            "security_group_id": "sg-82eb84eb",
                            "self": "false",
                            "source_security_group_id": "sg-80eb84e9",
                            "to_port": "443",
                            "type": "ingress"
                        },
                        "meta": {
                            "schema_version": "2"
                        },
                        "tainted": false
                    },
                    "deposed": [],
                    "provider": ""
                },
                "aws_security_group_rule.gateway_service_in": {
                    "type": "aws_security_group_rule",
                    "depends_on": [
                        "aws_security_group.gateway",
                        "aws_security_group.loadbalancer"
                    ],
                    "primary": {
                        "id": "sgrule-2718759231",
                        "attributes": {
                            "cidr_blocks.#": "0",
                            "from_port": "8080",
                            "id": "sgrule-2718759231",
                            "prefix_list_ids.#": "0",
                            "protocol": "tcp",
                            "security_group_id": "sg-82eb84eb",
                            "self": "false",
                            "source_security_group_id": "sg-80eb84e9",
                            "to_port": "8085",
                            "type": "ingress"
                        },
                        "meta": {
                            "schema_version": "2"
                        },
                        "tainted": false
                    },
                    "deposed": [],
                    "provider": ""
                },
                "aws_security_group_rule.loadbalancer_cloudflae_http": {
                    "type": "aws_security_group_rule",
                    "depends_on": [
                        "aws_security_group.loadbalancer"
                    ],
                    "primary": {
                        "id": "sgrule-3595618697",
                        "attributes": {
                            "cidr_blocks.#": "14",
                            "cidr_blocks.0": "103.21.244.0/22",
                            "cidr_blocks.1": "103.22.200.0/22",
                            "cidr_blocks.10": "190.93.240.0/20",
                            "cidr_blocks.11": "197.234.240.0/22",
                            "cidr_blocks.12": "198.41.128.0/17",
                            "cidr_blocks.13": "199.27.128.0/21",
                            "cidr_blocks.2": "103.31.4.0/22",
                            "cidr_blocks.3": "104.16.0.0/12",
                            "cidr_blocks.4": "108.162.192.0/18",
                            "cidr_blocks.5": "141.101.64.0/18",
                            "cidr_blocks.6": "162.158.0.0/15",
                            "cidr_blocks.7": "172.64.0.0/13",
                            "cidr_blocks.8": "173.245.48.0/20",
                            "cidr_blocks.9": "188.114.96.0/20",
                            "from_port": "80",
                            "id": "sgrule-3595618697",
                            "prefix_list_ids.#": "0",
                            "protocol": "tcp",
                            "security_group_id": "sg-80eb84e9",
                            "self": "false",
                            "to_port": "80",
                            "type": "ingress"
                        },
                        "meta": {
                            "schema_version": "2"
                        },
                        "tainted": false
                    },
                    "deposed": [],
                    "provider": ""
                },
                "aws_security_group_rule.loadbalancer_cloudflae_https": {
                    "type": "aws_security_group_rule",
                    "depends_on": [
                        "aws_security_group.loadbalancer"
                    ],
                    "primary": {
                        "id": "sgrule-922245787",
                        "attributes": {
                            "cidr_blocks.#": "14",
                            "cidr_blocks.0": "103.21.244.0/22",
                            "cidr_blocks.1": "103.22.200.0/22",
                            "cidr_blocks.10": "190.93.240.0/20",
                            "cidr_blocks.11": "197.234.240.0/22",
                            "cidr_blocks.12": "198.41.128.0/17",
                            "cidr_blocks.13": "199.27.128.0/21",
                            "cidr_blocks.2": "103.31.4.0/22",
                            "cidr_blocks.3": "104.16.0.0/12",
                            "cidr_blocks.4": "108.162.192.0/18",
                            "cidr_blocks.5": "141.101.64.0/18",
                            "cidr_blocks.6": "162.158.0.0/15",
                            "cidr_blocks.7": "172.64.0.0/13",
                            "cidr_blocks.8": "173.245.48.0/20",
                            "cidr_blocks.9": "188.114.96.0/20",
                            "from_port": "443",
                            "id": "sgrule-922245787",
                            "prefix_list_ids.#": "0",
                            "protocol": "tcp",
                            "security_group_id": "sg-80eb84e9",
                            "self": "false",
                            "to_port": "443",
                            "type": "ingress"
                        },
                        "meta": {
                            "schema_version": "2"
                        },
                        "tainted": false
                    },
                    "deposed": [],
                    "provider": ""
                },
                "aws_security_group_rule.loadbalancer_grafana_out": {
                    "type": "aws_security_group_rule",
                    "depends_on": [
                        "aws_security_group.loadbalancer",
                        "aws_security_group.platform"
                    ],
                    "primary": {
                        "id": "sgrule-2251605003",
                        "attributes": {
                            "cidr_blocks.#": "0",
                            "from_port": "3000",
                            "id": "sgrule-2251605003",
                            "prefix_list_ids.#": "0",
                            "protocol": "tcp",
                            "security_group_id": "sg-80eb84e9",
                            "self": "false",
                            "source_security_group_id": "sg-83eb84ea",
                            "to_port": "3000",
                            "type": "egress"
                        },
                        "meta": {
                            "schema_version": "2"
                        },
                        "tainted": false
                    },
                    "deposed": [],
                    "provider": ""
                },
                "aws_security_group_rule.loadbalancer_http_out": {
                    "type": "aws_security_group_rule",
                    "depends_on": [
                        "aws_security_group.gateway",
                        "aws_security_group.loadbalancer"
                    ],
                    "primary": {
                        "id": "sgrule-2706506849",
                        "attributes": {
                            "cidr_blocks.#": "0",
                            "from_port": "80",
                            "id": "sgrule-2706506849",
                            "prefix_list_ids.#": "0",
                            "protocol": "tcp",
                            "security_group_id": "sg-80eb84e9",
                            "self": "false",
                            "source_security_group_id": "sg-82eb84eb",
                            "to_port": "80",
                            "type": "egress"
                        },
                        "meta": {
                            "schema_version": "2"
                        },
                        "tainted": false
                    },
                    "deposed": [],
                    "provider": ""
                },
                "aws_security_group_rule.loadbalancer_https_out": {
                    "type": "aws_security_group_rule",
                    "depends_on": [
                        "aws_security_group.gateway",
                        "aws_security_group.loadbalancer"
                    ],
                    "primary": {
                        "id": "sgrule-2229469120",
                        "attributes": {
                            "cidr_blocks.#": "0",
                            "from_port": "443",
                            "id": "sgrule-2229469120",
                            "prefix_list_ids.#": "0",
                            "protocol": "tcp",
                            "security_group_id": "sg-80eb84e9",
                            "self": "false",
                            "source_security_group_id": "sg-82eb84eb",
                            "to_port": "443",
                            "type": "egress"
                        },
                        "meta": {
                            "schema_version": "2"
                        },
                        "tainted": false
                    },
                    "deposed": [],
                    "provider": ""
                },
                "aws_security_group_rule.loadbalancer_service_out": {
                    "type": "aws_security_group_rule",
                    "depends_on": [
                        "aws_security_group.gateway",
                        "aws_security_group.loadbalancer"
                    ],
                    "primary": {
                        "id": "sgrule-3861343971",
                        "attributes": {
                            "cidr_blocks.#": "0",
                            "from_port": "8080",
                            "id": "sgrule-3861343971",
                            "prefix_list_ids.#": "0",
                            "protocol": "tcp",
                            "security_group_id": "sg-80eb84e9",
                            "self": "false",
                            "source_security_group_id": "sg-82eb84eb",
                            "to_port": "8085",
                            "type": "egress"
                        },
                        "meta": {
                            "schema_version": "2"
                        },
                        "tainted": false
                    },
                    "deposed": [],
                    "provider": ""
                },
                "aws_security_group_rule.nat_http_in": {
                    "type": "aws_security_group_rule",
                    "depends_on": [
                        "aws_security_group.nat",
                        "aws_security_group.private"
                    ],
                    "primary": {
                        "id": "sgrule-203657729",
                        "attributes": {
                            "cidr_blocks.#": "0",
                            "from_port": "80",
                            "id": "sgrule-203657729",
                            "prefix_list_ids.#": "0",
                            "protocol": "tcp",
                            "security_group_id": "sg-85eb84ec",
                            "self": "false",
                            "source_security_group_id": "sg-8eeb84e7",
                            "to_port": "80",
                            "type": "ingress"
                        },
                        "meta": {
                            "schema_version": "2"
                        },
                        "tainted": false
                    },
                    "deposed": [],
                    "provider": ""
                },
                "aws_security_group_rule.nat_http_out": {
                    "type": "aws_security_group_rule",
                    "depends_on": [
                        "aws_security_group.nat"
                    ],
                    "primary": {
                        "id": "sgrule-4294451962",
                        "attributes": {
                            "cidr_blocks.#": "1",
                            "cidr_blocks.0": "0.0.0.0/0",
                            "from_port": "80",
                            "id": "sgrule-4294451962",
                            "prefix_list_ids.#": "0",
                            "protocol": "tcp",
                            "security_group_id": "sg-85eb84ec",
                            "self": "false",
                            "to_port": "80",
                            "type": "egress"
                        },
                        "meta": {
                            "schema_version": "2"
                        },
                        "tainted": false
                    },
                    "deposed": [],
                    "provider": ""
                },
                "aws_security_group_rule.nat_https_in": {
                    "type": "aws_security_group_rule",
                    "depends_on": [
                        "aws_security_group.nat",
                        "aws_security_group.private"
                    ],
                    "primary": {
                        "id": "sgrule-3503240794",
                        "attributes": {
                            "cidr_blocks.#": "0",
                            "from_port": "443",
                            "id": "sgrule-3503240794",
                            "prefix_list_ids.#": "0",
                            "protocol": "tcp",
                            "security_group_id": "sg-85eb84ec",
                            "self": "false",
                            "source_security_group_id": "sg-8eeb84e7",
                            "to_port": "443",
                            "type": "ingress"
                        },
                        "meta": {
                            "schema_version": "2"
                        },
                        "tainted": false
                    },
                    "deposed": [],
                    "provider": ""
                },
                "aws_security_group_rule.nat_https_out": {
                    "type": "aws_security_group_rule",
                    "depends_on": [
                        "aws_security_group.nat"
                    ],
                    "primary": {
                        "id": "sgrule-3260358678",
                        "attributes": {
                            "cidr_blocks.#": "1",
                            "cidr_blocks.0": "0.0.0.0/0",
                            "from_port": "443",
                            "id": "sgrule-3260358678",
                            "prefix_list_ids.#": "0",
                            "protocol": "tcp",
                            "security_group_id": "sg-85eb84ec",
                            "self": "false",
                            "to_port": "443",
                            "type": "egress"
                        },
                        "meta": {
                            "schema_version": "2"
                        },
                        "tainted": false
                    },
                    "deposed": [],
                    "provider": ""
                },
                "aws_security_group_rule.nat_loggly_in": {
                    "type": "aws_security_group_rule",
                    "depends_on": [
                        "aws_security_group.nat",
                        "aws_security_group.private"
                    ],
                    "primary": {
                        "id": "sgrule-1658987867",
                        "attributes": {
                            "cidr_blocks.#": "0",
                            "from_port": "6514",
                            "id": "sgrule-1658987867",
                            "prefix_list_ids.#": "0",
                            "protocol": "tcp",
                            "security_group_id": "sg-85eb84ec",
                            "self": "false",
                            "source_security_group_id": "sg-8eeb84e7",
                            "to_port": "6514",
                            "type": "ingress"
                        },
                        "meta": {
                            "schema_version": "2"
                        },
                        "tainted": false
                    },
                    "deposed": [],
                    "provider": ""
                },
                "aws_security_group_rule.nat_loggly_out": {
                    "type": "aws_security_group_rule",
                    "depends_on": [
                        "aws_security_group.nat"
                    ],
                    "primary": {
                        "id": "sgrule-2141779172",
                        "attributes": {
                            "cidr_blocks.#": "1",
                            "cidr_blocks.0": "0.0.0.0/0",
                            "from_port": "6514",
                            "id": "sgrule-2141779172",
                            "prefix_list_ids.#": "0",
                            "protocol": "tcp",
                            "security_group_id": "sg-85eb84ec",
                            "self": "false",
                            "to_port": "6514",
                            "type": "egress"
                        },
                        "meta": {
                            "schema_version": "2"
                        },
                        "tainted": false
                    },
                    "deposed": [],
                    "provider": ""
                },
                "aws_security_group_rule.nat_logzio_in": {
                    "type": "aws_security_group_rule",
                    "depends_on": [
                        "aws_security_group.nat",
                        "aws_security_group.private"
                    ],
                    "primary": {
                        "id": "sgrule-150899904",
                        "attributes": {
                            "cidr_blocks.#": "0",
                            "from_port": "5000",
                            "id": "sgrule-150899904",
                            "prefix_list_ids.#": "0",
                            "protocol": "tcp",
                            "security_group_id": "sg-85eb84ec",
                            "self": "false",
                            "source_security_group_id": "sg-8eeb84e7",
                            "to_port": "5000",
                            "type": "ingress"
                        },
                        "meta": {
                            "schema_version": "2"
                        },
                        "tainted": false
                    },
                    "deposed": [],
                    "provider": ""
                },
                "aws_security_group_rule.nat_logzio_out": {
                    "type": "aws_security_group_rule",
                    "depends_on": [
                        "aws_security_group.nat"
                    ],
                    "primary": {
                        "id": "sgrule-3920329814",
                        "attributes": {
                            "cidr_blocks.#": "1",
                            "cidr_blocks.0": "0.0.0.0/0",
                            "from_port": "5000",
                            "id": "sgrule-3920329814",
                            "prefix_list_ids.#": "0",
                            "protocol": "tcp",
                            "security_group_id": "sg-85eb84ec",
                            "self": "false",
                            "to_port": "5000",
                            "type": "egress"
                        },
                        "meta": {
                            "schema_version": "2"
                        },
                        "tainted": false
                    },
                    "deposed": [],
                    "provider": ""
                },
                "aws_security_group_rule.nat_ntp_in": {
                    "type": "aws_security_group_rule",
                    "depends_on": [
                        "aws_security_group.nat",
                        "aws_security_group.private"
                    ],
                    "primary": {
                        "id": "sgrule-3523141784",
                        "attributes": {
                            "cidr_blocks.#": "0",
                            "from_port": "123",
                            "id": "sgrule-3523141784",
                            "prefix_list_ids.#": "0",
                            "protocol": "udp",
                            "security_group_id": "sg-85eb84ec",
                            "self": "false",
                            "source_security_group_id": "sg-8eeb84e7",
                            "to_port": "123",
                            "type": "ingress"
                        },
                        "meta": {
                            "schema_version": "2"
                        },
                        "tainted": false
                    },
                    "deposed": [],
                    "provider": ""
                },
                "aws_security_group_rule.nat_ntp_out": {
                    "type": "aws_security_group_rule",
                    "depends_on": [
                        "aws_security_group.nat"
                    ],
                    "primary": {
                        "id": "sgrule-1662334981",
                        "attributes": {
                            "cidr_blocks.#": "1",
                            "cidr_blocks.0": "0.0.0.0/0",
                            "from_port": "123",
                            "id": "sgrule-1662334981",
                            "prefix_list_ids.#": "0",
                            "protocol": "udp",
                            "security_group_id": "sg-85eb84ec",
                            "self": "false",
                            "to_port": "123",
                            "type": "egress"
                        },
                        "meta": {
                            "schema_version": "2"
                        },
                        "tainted": false
                    },
                    "deposed": [],
                    "provider": ""
                },
                "aws_security_group_rule.nat_ses1_in": {
                    "type": "aws_security_group_rule",
                    "depends_on": [
                        "aws_security_group.nat",
                        "aws_security_group.private"
                    ],
                    "primary": {
                        "id": "sgrule-2855864533",
                        "attributes": {
                            "cidr_blocks.#": "0",
                            "from_port": "25",
                            "id": "sgrule-2855864533",
                            "prefix_list_ids.#": "0",
                            "protocol": "tcp",
                            "security_group_id": "sg-85eb84ec",
                            "self": "false",
                            "source_security_group_id": "sg-8eeb84e7",
                            "to_port": "25",
                            "type": "ingress"
                        },
                        "meta": {
                            "schema_version": "2"
                        },
                        "tainted": false
                    },
                    "deposed": [],
                    "provider": ""
                },
                "aws_security_group_rule.nat_ses1_out": {
                    "type": "aws_security_group_rule",
                    "depends_on": [
                        "aws_security_group.nat"
                    ],
                    "primary": {
                        "id": "sgrule-3186772301",
                        "attributes": {
                            "cidr_blocks.#": "1",
                            "cidr_blocks.0": "0.0.0.0/0",
                            "from_port": "25",
                            "id": "sgrule-3186772301",
                            "prefix_list_ids.#": "0",
                            "protocol": "tcp",
                            "security_group_id": "sg-85eb84ec",
                            "self": "false",
                            "to_port": "25",
                            "type": "egress"
                        },
                        "meta": {
                            "schema_version": "2"
                        },
                        "tainted": false
                    },
                    "deposed": [],
                    "provider": ""
                },
                "aws_security_group_rule.nat_ses2_in": {
                    "type": "aws_security_group_rule",
                    "depends_on": [
                        "aws_security_group.nat",
                        "aws_security_group.private"
                    ],
                    "primary": {
                        "id": "sgrule-1902702164",
                        "attributes": {
                            "cidr_blocks.#": "0",
                            "from_port": "465",
                            "id": "sgrule-1902702164",
                            "prefix_list_ids.#": "0",
                            "protocol": "tcp",
                            "security_group_id": "sg-85eb84ec",
                            "self": "false",
                            "source_security_group_id": "sg-8eeb84e7",
                            "to_port": "465",
                            "type": "ingress"
                        },
                        "meta": {
                            "schema_version": "2"
                        },
                        "tainted": false
                    },
                    "deposed": [],
                    "provider": ""
                },
                "aws_security_group_rule.nat_ses2_out": {
                    "type": "aws_security_group_rule",
                    "depends_on": [
                        "aws_security_group.nat"
                    ],
                    "primary": {
                        "id": "sgrule-1234581918",
                        "attributes": {
                            "cidr_blocks.#": "1",
                            "cidr_blocks.0": "0.0.0.0/0",
                            "from_port": "465",
                            "id": "sgrule-1234581918",
                            "prefix_list_ids.#": "0",
                            "protocol": "tcp",
                            "security_group_id": "sg-85eb84ec",
                            "self": "false",
                            "to_port": "465",
                            "type": "egress"
                        },
                        "meta": {
                            "schema_version": "2"
                        },
                        "tainted": false
                    },
                    "deposed": [],
                    "provider": ""
                },
                "aws_security_group_rule.nat_ses3_in": {
                    "type": "aws_security_group_rule",
                    "depends_on": [
                        "aws_security_group.nat",
                        "aws_security_group.private"
                    ],
                    "primary": {
                        "id": "sgrule-1174570350",
                        "attributes": {
                            "cidr_blocks.#": "0",
                            "from_port": "587",
                            "id": "sgrule-1174570350",
                            "prefix_list_ids.#": "0",
                            "protocol": "tcp",
                            "security_group_id": "sg-85eb84ec",
                            "self": "false",
                            "source_security_group_id": "sg-8eeb84e7",
                            "to_port": "587",
                            "type": "ingress"
                        },
                        "meta": {
                            "schema_version": "2"
                        },
                        "tainted": false
                    },
                    "deposed": [],
                    "provider": ""
                },
                "aws_security_group_rule.nat_ses3_out": {
                    "type": "aws_security_group_rule",
                    "depends_on": [
                        "aws_security_group.nat"
                    ],
                    "primary": {
                        "id": "sgrule-3585547671",
                        "attributes": {
                            "cidr_blocks.#": "1",
                            "cidr_blocks.0": "0.0.0.0/0",
                            "from_port": "587",
                            "id": "sgrule-3585547671",
                            "prefix_list_ids.#": "0",
                            "protocol": "tcp",
                            "security_group_id": "sg-85eb84ec",
                            "self": "false",
                            "to_port": "587",
                            "type": "egress"
                        },
                        "meta": {
                            "schema_version": "2"
                        },
                        "tainted": false
                    },
                    "deposed": [],
                    "provider": ""
                },
                "aws_security_group_rule.nat_ssh_in": {
                    "type": "aws_security_group_rule",
                    "depends_on": [
                        "aws_security_group.nat"
                    ],
                    "primary": {
                        "id": "sgrule-1763679681",
                        "attributes": {
                            "cidr_blocks.#": "1",
                            "cidr_blocks.0": "0.0.0.0/0",
                            "from_port": "22",
                            "id": "sgrule-1763679681",
                            "prefix_list_ids.#": "0",
                            "protocol": "tcp",
                            "security_group_id": "sg-85eb84ec",
                            "self": "false",
                            "to_port": "22",
                            "type": "ingress"
                        },
                        "meta": {
                            "schema_version": "2"
                        },
                        "tainted": false
                    },
                    "deposed": [],
                    "provider": ""
                },
                "aws_security_group_rule.nat_ssh_out": {
                    "type": "aws_security_group_rule",
                    "depends_on": [
                        "aws_security_group.nat",
                        "aws_security_group.private"
                    ],
                    "primary": {
                        "id": "sgrule-883681566",
                        "attributes": {
                            "cidr_blocks.#": "0",
                            "from_port": "22",
                            "id": "sgrule-883681566",
                            "prefix_list_ids.#": "0",
                            "protocol": "tcp",
                            "security_group_id": "sg-85eb84ec",
                            "self": "false",
                            "source_security_group_id": "sg-8eeb84e7",
                            "to_port": "22",
                            "type": "egress"
                        },
                        "meta": {
                            "schema_version": "2"
                        },
                        "tainted": false
                    },
                    "deposed": [],
                    "provider": ""
                },
                "aws_security_group_rule.nat_syslog_in": {
                    "type": "aws_security_group_rule",
                    "depends_on": [
                        "aws_security_group.nat",
                        "aws_security_group.private"
                    ],
                    "primary": {
                        "id": "sgrule-4167742933",
                        "attributes": {
                            "cidr_blocks.#": "0",
                            "from_port": "514",
                            "id": "sgrule-4167742933",
                            "prefix_list_ids.#": "0",
                            "protocol": "tcp",
                            "security_group_id": "sg-85eb84ec",
                            "self": "false",
                            "source_security_group_id": "sg-8eeb84e7",
                            "to_port": "514",
                            "type": "ingress"
                        },
                        "meta": {
                            "schema_version": "2"
                        },
                        "tainted": false
                    },
                    "deposed": [],
                    "provider": ""
                },
                "aws_security_group_rule.nat_syslog_out": {
                    "type": "aws_security_group_rule",
                    "depends_on": [
                        "aws_security_group.nat"
                    ],
                    "primary": {
                        "id": "sgrule-1341408517",
                        "attributes": {
                            "cidr_blocks.#": "1",
                            "cidr_blocks.0": "0.0.0.0/0",
                            "from_port": "514",
                            "id": "sgrule-1341408517",
                            "prefix_list_ids.#": "0",
                            "protocol": "tcp",
                            "security_group_id": "sg-85eb84ec",
                            "self": "false",
                            "to_port": "514",
                            "type": "egress"
                        },
                        "meta": {
                            "schema_version": "2"
                        },
                        "tainted": false
                    },
                    "deposed": [],
                    "provider": ""
                },
                "aws_security_group_rule.platform_grafana_in": {
                    "type": "aws_security_group_rule",
                    "depends_on": [
                        "aws_security_group.loadbalancer",
                        "aws_security_group.platform"
                    ],
                    "primary": {
                        "id": "sgrule-3971517844",
                        "attributes": {
                            "cidr_blocks.#": "0",
                            "from_port": "3000",
                            "id": "sgrule-3971517844",
                            "prefix_list_ids.#": "0",
                            "protocol": "tcp",
                            "security_group_id": "sg-83eb84ea",
                            "self": "false",
                            "source_security_group_id": "sg-80eb84e9",
                            "to_port": "3000",
                            "type": "ingress"
                        },
                        "meta": {
                            "schema_version": "2"
                        },
                        "tainted": false
                    },
                    "deposed": [],
                    "provider": ""
                },
                "aws_security_group_rule.platform_metrics_out": {
                    "type": "aws_security_group_rule",
                    "depends_on": [
                        "aws_security_group.platform",
                        "aws_security_group.service"
                    ],
                    "primary": {
                        "id": "sgrule-503763378",
                        "attributes": {
                            "cidr_blocks.#": "0",
                            "from_port": "9000",
                            "id": "sgrule-503763378",
                            "prefix_list_ids.#": "0",
                            "protocol": "tcp",
                            "security_group_id": "sg-83eb84ea",
                            "self": "false",
                            "source_security_group_id": "sg-6aea8503",
                            "to_port": "9100",
                            "type": "egress"
                        },
                        "meta": {
                            "schema_version": "2"
                        },
                        "tainted": false
                    },
                    "deposed": [],
                    "provider": ""
                },
                "aws_security_group_rule.platform_mysql_in": {
                    "type": "aws_security_group_rule",
                    "depends_on": [
                        "aws_security_group.platform",
                        "aws_security_group.service"
                    ],
                    "primary": {
                        "id": "sgrule-1460433847",
                        "attributes": {
                            "cidr_blocks.#": "0",
                            "from_port": "3306",
                            "id": "sgrule-1460433847",
                            "prefix_list_ids.#": "0",
                            "protocol": "tcp",
                            "security_group_id": "sg-83eb84ea",
                            "self": "false",
                            "source_security_group_id": "sg-6aea8503",
                            "to_port": "3306",
                            "type": "ingress"
                        },
                        "meta": {
                            "schema_version": "2"
                        },
                        "tainted": false
                    },
                    "deposed": [],
                    "provider": ""
                },
                "aws_security_group_rule.platform_postgres_in": {
                    "type": "aws_security_group_rule",
                    "depends_on": [
                        "aws_security_group.platform",
                        "aws_security_group.service"
                    ],
                    "primary": {
                        "id": "sgrule-1450326678",
                        "attributes": {
                            "cidr_blocks.#": "0",
                            "from_port": "5432",
                            "id": "sgrule-1450326678",
                            "prefix_list_ids.#": "0",
                            "protocol": "tcp",
                            "security_group_id": "sg-83eb84ea",
                            "self": "false",
                            "source_security_group_id": "sg-6aea8503",
                            "to_port": "5432",
                            "type": "ingress"
                        },
                        "meta": {
                            "schema_version": "2"
                        },
                        "tainted": false
                    },
                    "deposed": [],
                    "provider": ""
                },
                "aws_security_group_rule.platform_redis_in": {
                    "type": "aws_security_group_rule",
                    "depends_on": [
                        "aws_security_group.platform",
                        "aws_security_group.service"
                    ],
                    "primary": {
                        "id": "sgrule-317321138",
                        "attributes": {
                            "cidr_blocks.#": "0",
                            "from_port": "6379",
                            "id": "sgrule-317321138",
                            "prefix_list_ids.#": "0",
                            "protocol": "tcp",
                            "security_group_id": "sg-83eb84ea",
                            "self": "false",
                            "source_security_group_id": "sg-6aea8503",
                            "to_port": "6379",
                            "type": "ingress"
                        },
                        "meta": {
                            "schema_version": "2"
                        },
                        "tainted": false
                    },
                    "deposed": [],
                    "provider": ""
                },
                "aws_security_group_rule.private_http_out": {
                    "type": "aws_security_group_rule",
                    "depends_on": [
                        "aws_security_group.nat",
                        "aws_security_group.private"
                    ],
                    "primary": {
                        "id": "sgrule-3061322823",
                        "attributes": {
                            "cidr_blocks.#": "0",
                            "from_port": "80",
                            "id": "sgrule-3061322823",
                            "prefix_list_ids.#": "0",
                            "protocol": "tcp",
                            "security_group_id": "sg-8eeb84e7",
                            "self": "false",
                            "source_security_group_id": "sg-85eb84ec",
                            "to_port": "80",
                            "type": "egress"
                        },
                        "meta": {
                            "schema_version": "2"
                        },
                        "tainted": false
                    },
                    "deposed": [],
                    "provider": ""
                },
                "aws_security_group_rule.private_https_out": {
                    "type": "aws_security_group_rule",
                    "depends_on": [
                        "aws_security_group.nat",
                        "aws_security_group.private"
                    ],
                    "primary": {
                        "id": "sgrule-728973415",
                        "attributes": {
                            "cidr_blocks.#": "0",
                            "from_port": "443",
                            "id": "sgrule-728973415",
                            "prefix_list_ids.#": "0",
                            "protocol": "tcp",
                            "security_group_id": "sg-8eeb84e7",
                            "self": "false",
                            "source_security_group_id": "sg-85eb84ec",
                            "to_port": "443",
                            "type": "egress"
                        },
                        "meta": {
                            "schema_version": "2"
                        },
                        "tainted": false
                    },
                    "deposed": [],
                    "provider": ""
                },
                "aws_security_group_rule.private_loggly_out": {
                    "type": "aws_security_group_rule",
                    "depends_on": [
                        "aws_security_group.nat",
                        "aws_security_group.private"
                    ],
                    "primary": {
                        "id": "sgrule-3196854594",
                        "attributes": {
                            "cidr_blocks.#": "0",
                            "from_port": "6514",
                            "id": "sgrule-3196854594",
                            "prefix_list_ids.#": "0",
                            "protocol": "tcp",
                            "security_group_id": "sg-8eeb84e7",
                            "self": "false",
                            "source_security_group_id": "sg-85eb84ec",
                            "to_port": "6514",
                            "type": "egress"
                        },
                        "meta": {
                            "schema_version": "2"
                        },
                        "tainted": false
                    },
                    "deposed": [],
                    "provider": ""
                },
                "aws_security_group_rule.private_logzio_out": {
                    "type": "aws_security_group_rule",
                    "depends_on": [
                        "aws_security_group.nat",
                        "aws_security_group.private"
                    ],
                    "primary": {
                        "id": "sgrule-302336083",
                        "attributes": {
                            "cidr_blocks.#": "0",
                            "from_port": "5000",
                            "id": "sgrule-302336083",
                            "prefix_list_ids.#": "0",
                            "protocol": "tcp",
                            "security_group_id": "sg-8eeb84e7",
                            "self": "false",
                            "source_security_group_id": "sg-85eb84ec",
                            "to_port": "5000",
                            "type": "egress"
                        },
                        "meta": {
                            "schema_version": "2"
                        },
                        "tainted": false
                    },
                    "deposed": [],
                    "provider": ""
                },
                "aws_security_group_rule.private_ntp_out": {
                    "type": "aws_security_group_rule",
                    "depends_on": [
                        "aws_security_group.nat",
                        "aws_security_group.private"
                    ],
                    "primary": {
                        "id": "sgrule-3251930150",
                        "attributes": {
                            "cidr_blocks.#": "0",
                            "from_port": "123",
                            "id": "sgrule-3251930150",
                            "prefix_list_ids.#": "0",
                            "protocol": "udp",
                            "security_group_id": "sg-8eeb84e7",
                            "self": "false",
                            "source_security_group_id": "sg-85eb84ec",
                            "to_port": "123",
                            "type": "egress"
                        },
                        "meta": {
                            "schema_version": "2"
                        },
                        "tainted": false
                    },
                    "deposed": [],
                    "provider": ""
                },
                "aws_security_group_rule.private_ses_redis_out1": {
                    "type": "aws_security_group_rule",
                    "depends_on": [
                        "aws_security_group.nat",
                        "aws_security_group.private"
                    ],
                    "primary": {
                        "id": "sgrule-280340450",
                        "attributes": {
                            "cidr_blocks.#": "0",
                            "from_port": "25",
                            "id": "sgrule-280340450",
                            "prefix_list_ids.#": "0",
                            "protocol": "tcp",
                            "security_group_id": "sg-8eeb84e7",
                            "self": "false",
                            "source_security_group_id": "sg-85eb84ec",
                            "to_port": "25",
                            "type": "egress"
                        },
                        "meta": {
                            "schema_version": "2"
                        },
                        "tainted": false
                    },
                    "deposed": [],
                    "provider": ""
                },
                "aws_security_group_rule.private_ses_redis_out2": {
                    "type": "aws_security_group_rule",
                    "depends_on": [
                        "aws_security_group.nat",
                        "aws_security_group.private"
                    ],
                    "primary": {
                        "id": "sgrule-1563963590",
                        "attributes": {
                            "cidr_blocks.#": "0",
                            "from_port": "465",
                            "id": "sgrule-1563963590",
                            "prefix_list_ids.#": "0",
                            "protocol": "tcp",
                            "security_group_id": "sg-8eeb84e7",
                            "self": "false",
                            "source_security_group_id": "sg-85eb84ec",
                            "to_port": "465",
                            "type": "egress"
                        },
                        "meta": {
                            "schema_version": "2"
                        },
                        "tainted": false
                    },
                    "deposed": [],
                    "provider": ""
                },
                "aws_security_group_rule.private_ses_redis_out3": {
                    "type": "aws_security_group_rule",
                    "depends_on": [
                        "aws_security_group.nat",
                        "aws_security_group.private"
                    ],
                    "primary": {
                        "id": "sgrule-4016634413",
                        "attributes": {
                            "cidr_blocks.#": "0",
                            "from_port": "587",
                            "id": "sgrule-4016634413",
                            "prefix_list_ids.#": "0",
                            "protocol": "tcp",
                            "security_group_id": "sg-8eeb84e7",
                            "self": "false",
                            "source_security_group_id": "sg-85eb84ec",
                            "to_port": "587",
                            "type": "egress"
                        },
                        "meta": {
                            "schema_version": "2"
                        },
                        "tainted": false
                    },
                    "deposed": [],
                    "provider": ""
                },
                "aws_security_group_rule.private_ssh_in": {
                    "type": "aws_security_group_rule",
                    "depends_on": [
                        "aws_security_group.nat",
                        "aws_security_group.private"
                    ],
                    "primary": {
                        "id": "sgrule-4203376907",
                        "attributes": {
                            "cidr_blocks.#": "0",
                            "from_port": "22",
                            "id": "sgrule-4203376907",
                            "prefix_list_ids.#": "0",
                            "protocol": "tcp",
                            "security_group_id": "sg-8eeb84e7",
                            "self": "false",
                            "source_security_group_id": "sg-85eb84ec",
                            "to_port": "22",
                            "type": "ingress"
                        },
                        "meta": {
                            "schema_version": "2"
                        },
                        "tainted": false
                    },
                    "deposed": [],
                    "provider": ""
                },
                "aws_security_group_rule.private_syslog_out": {
                    "type": "aws_security_group_rule",
                    "depends_on": [
                        "aws_security_group.nat",
                        "aws_security_group.private"
                    ],
                    "primary": {
                        "id": "sgrule-2353549663",
                        "attributes": {
                            "cidr_blocks.#": "0",
                            "from_port": "514",
                            "id": "sgrule-2353549663",
                            "prefix_list_ids.#": "0",
                            "protocol": "tcp",
                            "security_group_id": "sg-8eeb84e7",
                            "self": "false",
                            "source_security_group_id": "sg-85eb84ec",
                            "to_port": "514",
                            "type": "egress"
                        },
                        "meta": {
                            "schema_version": "2"
                        },
                        "tainted": false
                    },
                    "deposed": [],
                    "provider": ""
                },
                "aws_security_group_rule.service_metrics_in": {
                    "type": "aws_security_group_rule",
                    "depends_on": [
                        "aws_security_group.platform",
                        "aws_security_group.service"
                    ],
                    "primary": {
                        "id": "sgrule-320204465",
                        "attributes": {
                            "cidr_blocks.#": "0",
                            "from_port": "9000",
                            "id": "sgrule-320204465",
                            "prefix_list_ids.#": "0",
                            "protocol": "tcp",
                            "security_group_id": "sg-6aea8503",
                            "self": "false",
                            "source_security_group_id": "sg-83eb84ea",
                            "to_port": "9100",
                            "type": "ingress"
                        },
                        "meta": {
                            "schema_version": "2"
                        },
                        "tainted": false
                    },
                    "deposed": [],
                    "provider": ""
                },
                "aws_security_group_rule.service_mysql_out": {
                    "type": "aws_security_group_rule",
                    "depends_on": [
                        "aws_security_group.platform",
                        "aws_security_group.service"
                    ],
                    "primary": {
                        "id": "sgrule-3718980241",
                        "attributes": {
                            "cidr_blocks.#": "0",
                            "from_port": "3306",
                            "id": "sgrule-3718980241",
                            "prefix_list_ids.#": "0",
                            "protocol": "tcp",
                            "security_group_id": "sg-6aea8503",
                            "self": "false",
                            "source_security_group_id": "sg-83eb84ea",
                            "to_port": "3306",
                            "type": "egress"
                        },
                        "meta": {
                            "schema_version": "2"
                        },
                        "tainted": false
                    },
                    "deposed": [],
                    "provider": ""
                },
                "aws_security_group_rule.service_postgres_out": {
                    "type": "aws_security_group_rule",
                    "depends_on": [
                        "aws_security_group.platform",
                        "aws_security_group.service"
                    ],
                    "primary": {
                        "id": "sgrule-2022901200",
                        "attributes": {
                            "cidr_blocks.#": "0",
                            "from_port": "5432",
                            "id": "sgrule-2022901200",
                            "prefix_list_ids.#": "0",
                            "protocol": "tcp",
                            "security_group_id": "sg-6aea8503",
                            "self": "false",
                            "source_security_group_id": "sg-83eb84ea",
                            "to_port": "5432",
                            "type": "egress"
                        },
                        "meta": {
                            "schema_version": "2"
                        },
                        "tainted": false
                    },
                    "deposed": [],
                    "provider": ""
                },
                "aws_security_group_rule.service_redis_out": {
                    "type": "aws_security_group_rule",
                    "depends_on": [
                        "aws_security_group.platform",
                        "aws_security_group.service"
                    ],
                    "primary": {
                        "id": "sgrule-3882570428",
                        "attributes": {
                            "cidr_blocks.#": "0",
                            "from_port": "6379",
                            "id": "sgrule-3882570428",
                            "prefix_list_ids.#": "0",
                            "protocol": "tcp",
                            "security_group_id": "sg-6aea8503",
                            "self": "false",
                            "source_security_group_id": "sg-83eb84ea",
                            "to_port": "6379",
                            "type": "egress"
                        },
                        "meta": {
                            "schema_version": "2"
                        },
                        "tainted": false
                    },
                    "deposed": [],
                    "provider": ""
                },
                "aws_sns_topic.autoscaling": {
                    "type": "aws_sns_topic",
                    "depends_on": [],
                    "primary": {
                        "id": "arn:aws:sns:eu-central-1:775034650473:autoscaling",
                        "attributes": {
                            "arn": "arn:aws:sns:eu-central-1:775034650473:autoscaling",
                            "display_name": "",
                            "id": "arn:aws:sns:eu-central-1:775034650473:autoscaling",
                            "name": "autoscaling",
                            "policy": "{\"Id\":\"__default_policy_ID\",\"Statement\":[{\"Action\":[\"SNS:GetTopicAttributes\",\"SNS:SetTopicAttributes\",\"SNS:AddPermission\",\"SNS:RemovePermission\",\"SNS:DeleteTopic\",\"SNS:Subscribe\",\"SNS:ListSubscriptionsByTopic\",\"SNS:Publish\",\"SNS:Receive\"],\"Condition\":{\"StringEquals\":{\"AWS:SourceOwner\":\"775034650473\"}},\"Effect\":\"Allow\",\"Principal\":{\"AWS\":\"*\"},\"Resource\":\"arn:aws:sns:eu-central-1:775034650473:autoscaling\",\"Sid\":\"__default_statement_ID\"}],\"Version\":\"2008-10-17\"}"
                        },
                        "meta": {},
                        "tainted": false
                    },
                    "deposed": [],
                    "provider": ""
                },
                "aws_sqs_queue.connection-state-change": {
                    "type": "aws_sqs_queue",
                    "depends_on": [
                        "aws_sqs_queue.connection-state-change-dlq"
                    ],
                    "primary": {
                        "id": "https://sqs.eu-central-1.amazonaws.com/775034650473/connection-state-change",
                        "attributes": {
                            "arn": "arn:aws:sqs:eu-central-1:775034650473:connection-state-change",
                            "delay_seconds": "0",
                            "id": "https://sqs.eu-central-1.amazonaws.com/775034650473/connection-state-change",
                            "max_message_size": "262144",
                            "message_retention_seconds": "1209600",
                            "name": "connection-state-change",
                            "receive_wait_time_seconds": "1",
                            "redrive_policy": "{\"deadLetterTargetArn\":\"arn:aws:sqs:eu-central-1:775034650473:connection-state-change-dlq\",\"maxReceiveCount\":10}",
                            "visibility_timeout_seconds": "60"
                        },
                        "meta": {},
                        "tainted": false
                    },
                    "deposed": [],
                    "provider": ""
                },
                "aws_sqs_queue.connection-state-change-dlq": {
                    "type": "aws_sqs_queue",
                    "depends_on": [],
                    "primary": {
                        "id": "https://sqs.eu-central-1.amazonaws.com/775034650473/connection-state-change-dlq",
                        "attributes": {
                            "arn": "arn:aws:sqs:eu-central-1:775034650473:connection-state-change-dlq",
                            "delay_seconds": "0",
                            "id": "https://sqs.eu-central-1.amazonaws.com/775034650473/connection-state-change-dlq",
                            "max_message_size": "262144",
                            "message_retention_seconds": "1209600",
                            "name": "connection-state-change-dlq",
                            "receive_wait_time_seconds": "1",
                            "visibility_timeout_seconds": "300"
                        },
                        "meta": {},
                        "tainted": false
                    },
                    "deposed": [],
                    "provider": ""
                },
                "aws_sqs_queue.event-state-change": {
                    "type": "aws_sqs_queue",
                    "depends_on": [
                        "aws_sqs_queue.event-state-change-dlq"
                    ],
                    "primary": {
                        "id": "https://sqs.eu-central-1.amazonaws.com/775034650473/event-state-change",
                        "attributes": {
                            "arn": "arn:aws:sqs:eu-central-1:775034650473:event-state-change",
                            "delay_seconds": "0",
                            "id": "https://sqs.eu-central-1.amazonaws.com/775034650473/event-state-change",
                            "max_message_size": "262144",
                            "message_retention_seconds": "1209600",
                            "name": "event-state-change",
                            "receive_wait_time_seconds": "1",
                            "redrive_policy": "{\"deadLetterTargetArn\":\"arn:aws:sqs:eu-central-1:775034650473:event-state-change-dlq\",\"maxReceiveCount\":10}",
                            "visibility_timeout_seconds": "60"
                        },
                        "meta": {},
                        "tainted": false
                    },
                    "deposed": [],
                    "provider": ""
                },
                "aws_sqs_queue.event-state-change-dlq": {
                    "type": "aws_sqs_queue",
                    "depends_on": [],
                    "primary": {
                        "id": "https://sqs.eu-central-1.amazonaws.com/775034650473/event-state-change-dlq",
                        "attributes": {
                            "arn": "arn:aws:sqs:eu-central-1:775034650473:event-state-change-dlq",
                            "delay_seconds": "0",
                            "id": "https://sqs.eu-central-1.amazonaws.com/775034650473/event-state-change-dlq",
                            "max_message_size": "262144",
                            "message_retention_seconds": "1209600",
                            "name": "event-state-change-dlq",
                            "receive_wait_time_seconds": "1",
                            "visibility_timeout_seconds": "300"
                        },
                        "meta": {},
                        "tainted": false
                    },
                    "deposed": [],
                    "provider": ""
                },
                "aws_sqs_queue.object-state-change": {
                    "type": "aws_sqs_queue",
                    "depends_on": [
                        "aws_sqs_queue.object-state-change-dlq"
                    ],
                    "primary": {
                        "id": "https://sqs.eu-central-1.amazonaws.com/775034650473/object-state-change",
                        "attributes": {
                            "arn": "arn:aws:sqs:eu-central-1:775034650473:object-state-change",
                            "delay_seconds": "0",
                            "id": "https://sqs.eu-central-1.amazonaws.com/775034650473/object-state-change",
                            "max_message_size": "262144",
                            "message_retention_seconds": "1209600",
                            "name": "object-state-change",
                            "receive_wait_time_seconds": "1",
                            "redrive_policy": "{\"deadLetterTargetArn\":\"arn:aws:sqs:eu-central-1:775034650473:object-state-change-dlq\",\"maxReceiveCount\":10}",
                            "visibility_timeout_seconds": "60"
                        },
                        "meta": {},
                        "tainted": false
                    },
                    "deposed": [],
                    "provider": ""
                },
                "aws_sqs_queue.object-state-change-dlq": {
                    "type": "aws_sqs_queue",
                    "depends_on": [],
                    "primary": {
                        "id": "https://sqs.eu-central-1.amazonaws.com/775034650473/object-state-change-dlq",
                        "attributes": {
                            "arn": "arn:aws:sqs:eu-central-1:775034650473:object-state-change-dlq",
                            "delay_seconds": "0",
                            "id": "https://sqs.eu-central-1.amazonaws.com/775034650473/object-state-change-dlq",
                            "max_message_size": "262144",
                            "message_retention_seconds": "1209600",
                            "name": "object-state-change-dlq",
                            "receive_wait_time_seconds": "1",
                            "visibility_timeout_seconds": "300"
                        },
                        "meta": {},
                        "tainted": false
                    },
                    "deposed": [],
                    "provider": ""
                },
                "aws_subnet.corporate-a": {
                    "type": "aws_subnet",
                    "depends_on": [
                        "aws_vpc.tapglue"
                    ],
                    "primary": {
                        "id": "subnet-3dbd0154",
                        "attributes": {
                            "availability_zone": "eu-central-1a",
                            "cidr_block": "10.0.44.0/24",
                            "id": "subnet-3dbd0154",
                            "map_public_ip_on_launch": "false",
                            "tags.%": "1",
                            "tags.Name": "Corporate A",
                            "vpc_id": "vpc-03953c6a"
                        },
                        "meta": {},
                        "tainted": false
                    },
                    "deposed": [],
                    "provider": ""
                },
                "aws_subnet.corporate-b": {
                    "type": "aws_subnet",
                    "depends_on": [
                        "aws_vpc.tapglue"
                    ],
                    "primary": {
                        "id": "subnet-b6815dcd",
                        "attributes": {
                            "availability_zone": "eu-central-1b",
                            "cidr_block": "10.0.45.0/24",
                            "id": "subnet-b6815dcd",
                            "map_public_ip_on_launch": "false",
                            "tags.%": "1",
                            "tags.Name": "Corporate B",
                            "vpc_id": "vpc-03953c6a"
                        },
                        "meta": {},
                        "tainted": false
                    },
                    "deposed": [],
                    "provider": ""
                },
                "aws_subnet.frontend-a": {
                    "type": "aws_subnet",
                    "depends_on": [
                        "aws_vpc.tapglue"
                    ],
                    "primary": {
                        "id": "subnet-3fbd0156",
                        "attributes": {
                            "availability_zone": "eu-central-1a",
                            "cidr_block": "10.0.12.0/22",
                            "id": "subnet-3fbd0156",
                            "map_public_ip_on_launch": "false",
                            "tags.%": "1",
                            "tags.Name": "Frontend A",
                            "vpc_id": "vpc-03953c6a"
                        },
                        "meta": {},
                        "tainted": false
                    },
                    "deposed": [],
                    "provider": ""
                },
                "aws_subnet.frontend-b": {
                    "type": "aws_subnet",
                    "depends_on": [
                        "aws_vpc.tapglue"
                    ],
                    "primary": {
                        "id": "subnet-b3815dc8",
                        "attributes": {
                            "availability_zone": "eu-central-1b",
                            "cidr_block": "10.0.16.0/22",
                            "id": "subnet-b3815dc8",
                            "map_public_ip_on_launch": "false",
                            "tags.%": "1",
                            "tags.Name": "Frontend B",
                            "vpc_id": "vpc-03953c6a"
                        },
                        "meta": {},
                        "tainted": false
                    },
                    "deposed": [],
                    "provider": ""
                },
                "aws_subnet.monitoring-a": {
                    "type": "aws_subnet",
                    "depends_on": [
                        "aws_vpc.tapglue"
                    ],
                    "primary": {
                        "id": "subnet-9ea921f7",
                        "attributes": {
                            "availability_zone": "eu-central-1a",
                            "cidr_block": "10.0.46.0/24",
                            "id": "subnet-9ea921f7",
                            "map_public_ip_on_launch": "false",
                            "tags.%": "1",
                            "tags.Name": "monitoring-a",
                            "vpc_id": "vpc-03953c6a"
                        },
                        "meta": {},
                        "tainted": false
                    },
                    "deposed": [],
                    "provider": ""
                },
                "aws_subnet.monitoring-b": {
                    "type": "aws_subnet",
                    "depends_on": [
                        "aws_vpc.tapglue"
                    ],
                    "primary": {
                        "id": "subnet-e8a10893",
                        "attributes": {
                            "availability_zone": "eu-central-1b",
                            "cidr_block": "10.0.47.0/24",
                            "id": "subnet-e8a10893",
                            "map_public_ip_on_launch": "false",
                            "tags.%": "1",
                            "tags.Name": "monitoring-b",
                            "vpc_id": "vpc-03953c6a"
                        },
                        "meta": {},
                        "tainted": false
                    },
                    "deposed": [],
                    "provider": ""
                },
                "aws_subnet.public-a": {
                    "type": "aws_subnet",
                    "depends_on": [
                        "aws_vpc.tapglue"
                    ],
                    "primary": {
                        "id": "subnet-3cbd0155",
                        "attributes": {
                            "availability_zone": "eu-central-1a",
                            "cidr_block": "10.0.0.0/22",
                            "id": "subnet-3cbd0155",
                            "map_public_ip_on_launch": "true",
                            "tags.%": "1",
                            "tags.Name": "Public A",
                            "vpc_id": "vpc-03953c6a"
                        },
                        "meta": {},
                        "tainted": false
                    },
                    "deposed": [],
                    "provider": ""
                },
                "aws_subnet.public-b": {
                    "type": "aws_subnet",
                    "depends_on": [
                        "aws_vpc.tapglue"
                    ],
                    "primary": {
                        "id": "subnet-b0815dcb",
                        "attributes": {
                            "availability_zone": "eu-central-1b",
                            "cidr_block": "10.0.4.0/22",
                            "id": "subnet-b0815dcb",
                            "map_public_ip_on_launch": "true",
                            "tags.%": "1",
                            "tags.Name": "Public B",
                            "vpc_id": "vpc-03953c6a"
                        },
                        "meta": {},
                        "tainted": false
                    },
                    "deposed": [],
                    "provider": ""
                },
                "aws_subnet.rds-a": {
                    "type": "aws_subnet",
                    "depends_on": [
                        "aws_vpc.tapglue"
                    ],
                    "primary": {
                        "id": "subnet-3abd0153",
                        "attributes": {
                            "availability_zone": "eu-central-1a",
                            "cidr_block": "10.0.36.0/22",
                            "id": "subnet-3abd0153",
                            "map_public_ip_on_launch": "false",
                            "tags.%": "1",
                            "tags.Name": "RDS A",
                            "vpc_id": "vpc-03953c6a"
                        },
                        "meta": {},
                        "tainted": false
                    },
                    "deposed": [],
                    "provider": ""
                },
                "aws_subnet.rds-b": {
                    "type": "aws_subnet",
                    "depends_on": [
                        "aws_vpc.tapglue"
                    ],
                    "primary": {
                        "id": "subnet-b1815dca",
                        "attributes": {
                            "availability_zone": "eu-central-1b",
                            "cidr_block": "10.0.40.0/22",
                            "id": "subnet-b1815dca",
                            "map_public_ip_on_launch": "false",
                            "tags.%": "1",
                            "tags.Name": "RDS B",
                            "vpc_id": "vpc-03953c6a"
                        },
                        "meta": {},
                        "tainted": false
                    },
                    "deposed": [],
                    "provider": ""
                },
                "aws_vpc.tapglue": {
                    "type": "aws_vpc",
                    "depends_on": [],
                    "primary": {
                        "id": "vpc-03953c6a",
                        "attributes": {
                            "cidr_block": "10.0.0.0/16",
                            "default_network_acl_id": "acl-0d6edb64",
                            "default_route_table_id": "rtb-4480342d",
                            "default_security_group_id": "sg-7f830b16",
                            "dhcp_options_id": "dopt-92678bfb",
                            "enable_dns_hostnames": "true",
                            "enable_dns_support": "true",
                            "id": "vpc-03953c6a",
                            "instance_tenancy": "default",
                            "main_route_table_id": "rtb-4480342d",
                            "tags.%": "1",
                            "tags.Name": "Production - Tapglue"
                        },
                        "meta": {},
                        "tainted": false
                    },
                    "deposed": [],
                    "provider": ""
                },
                "cloudflare_record.adrenalynmapp": {
                    "type": "cloudflare_record",
                    "depends_on": [
                        "aws_elb.gateway-http"
                    ],
                    "primary": {
                        "id": "1c5b7a8506fa58c245348c3b1e2f6a49",
                        "attributes": {
                            "domain": "tapglue.com",
                            "hostname": "adrenalynmapp.tapglue.com",
                            "id": "1c5b7a8506fa58c245348c3b1e2f6a49",
                            "name": "adrenalynmapp",
                            "priority": "0",
                            "proxied": "true",
                            "ttl": "1",
                            "type": "CNAME",
                            "value": "gateway-http-744802039.eu-central-1.elb.amazonaws.com",
                            "zone_id": "54ab4aad2f924bd47b0967e984be12a3"
                        },
                        "meta": {
                            "schema_version": "1"
                        },
                        "tainted": false
                    },
                    "deposed": [],
                    "provider": ""
                },
                "cloudflare_record.api-prod": {
                    "type": "cloudflare_record",
                    "depends_on": [
                        "aws_elb.gateway-http"
                    ],
                    "primary": {
                        "id": "f7f9c2a913d61040516da609029f7a17",
                        "attributes": {
                            "domain": "tapglue.com",
                            "hostname": "api.tapglue.com",
                            "id": "f7f9c2a913d61040516da609029f7a17",
                            "name": "api",
                            "priority": "0",
                            "proxied": "true",
                            "ttl": "1",
                            "type": "CNAME",
                            "value": "gateway-http-744802039.eu-central-1.elb.amazonaws.com",
                            "zone_id": "54ab4aad2f924bd47b0967e984be12a3"
                        },
                        "meta": {
                            "schema_version": "1"
                        },
                        "tainted": false
                    },
                    "deposed": [],
                    "provider": ""
                },
                "cloudflare_record.avakin": {
                    "type": "cloudflare_record",
                    "depends_on": [
                        "aws_elb.gateway-http"
                    ],
                    "primary": {
                        "id": "07e85c5cffdaf7716fa60f8e092c0144",
                        "attributes": {
                            "domain": "tapglue.com",
                            "hostname": "avakin.tapglue.com",
                            "id": "07e85c5cffdaf7716fa60f8e092c0144",
                            "name": "avakin",
                            "priority": "0",
                            "proxied": "true",
                            "ttl": "1",
                            "type": "CNAME",
                            "value": "gateway-http-744802039.eu-central-1.elb.amazonaws.com",
                            "zone_id": "54ab4aad2f924bd47b0967e984be12a3"
                        },
                        "meta": {
                            "schema_version": "1"
                        },
                        "tainted": false
                    },
                    "deposed": [],
                    "provider": ""
                },
                "cloudflare_record.bikestorming": {
                    "type": "cloudflare_record",
                    "depends_on": [
                        "aws_elb.gateway-http"
                    ],
                    "primary": {
                        "id": "c9e793acf53dfe497d23198c7bcb505b",
                        "attributes": {
                            "domain": "tapglue.com",
                            "hostname": "bikestorming.tapglue.com",
                            "id": "c9e793acf53dfe497d23198c7bcb505b",
                            "name": "bikestorming",
                            "priority": "0",
                            "proxied": "true",
                            "ttl": "1",
                            "type": "CNAME",
                            "value": "gateway-http-744802039.eu-central-1.elb.amazonaws.com",
                            "zone_id": "54ab4aad2f924bd47b0967e984be12a3"
                        },
                        "meta": {
                            "schema_version": "1"
                        },
                        "tainted": false
                    },
                    "deposed": [],
                    "provider": ""
                },
                "cloudflare_record.dailyme": {
                    "type": "cloudflare_record",
                    "depends_on": [
                        "aws_elb.gateway-http"
                    ],
                    "primary": {
                        "id": "b3c8623c0d8a95af63676c860929091d",
                        "attributes": {
                            "domain": "tapglue.com",
                            "hostname": "dailyme.tapglue.com",
                            "id": "b3c8623c0d8a95af63676c860929091d",
                            "name": "dailyme",
                            "priority": "0",
                            "proxied": "true",
                            "ttl": "1",
                            "type": "CNAME",
                            "value": "gateway-http-744802039.eu-central-1.elb.amazonaws.com",
                            "zone_id": "54ab4aad2f924bd47b0967e984be12a3"
                        },
                        "meta": {
                            "schema_version": "1"
                        },
                        "tainted": false
                    },
                    "deposed": [],
                    "provider": ""
                },
                "cloudflare_record.dashboard": {
                    "type": "cloudflare_record",
                    "depends_on": [
                        "aws_elb.dashboard"
                    ],
                    "primary": {
                        "id": "89532b0fb888bfb416a1c8eeb46d4c3a",
                        "attributes": {
                            "domain": "tapglue.com",
                            "hostname": "dashboard.tapglue.com",
                            "id": "89532b0fb888bfb416a1c8eeb46d4c3a",
                            "name": "dashboard",
                            "priority": "0",
                            "proxied": "true",
                            "ttl": "1",
                            "type": "CNAME",
                            "value": "dashboard-1222543070.eu-central-1.elb.amazonaws.com",
                            "zone_id": "54ab4aad2f924bd47b0967e984be12a3"
                        },
                        "meta": {
                            "schema_version": "1"
                        },
                        "tainted": false
                    },
                    "deposed": [],
                    "provider": ""
                },
                "cloudflare_record.dawanda": {
                    "type": "cloudflare_record",
                    "depends_on": [
                        "aws_elb.gateway-http"
                    ],
                    "primary": {
                        "id": "0dc3d1760b21b363922212123f2f7f91",
                        "attributes": {
                            "domain": "tapglue.com",
                            "hostname": "dawanda.tapglue.com",
                            "id": "0dc3d1760b21b363922212123f2f7f91",
                            "name": "dawanda",
                            "priority": "0",
                            "proxied": "true",
                            "ttl": "1",
                            "type": "CNAME",
                            "value": "gateway-http-744802039.eu-central-1.elb.amazonaws.com",
                            "zone_id": "54ab4aad2f924bd47b0967e984be12a3"
                        },
                        "meta": {
                            "schema_version": "1"
                        },
                        "tainted": false
                    },
                    "deposed": [],
                    "provider": ""
                },
                "cloudflare_record.gambify": {
                    "type": "cloudflare_record",
                    "depends_on": [
                        "aws_elb.gateway-http"
                    ],
                    "primary": {
                        "id": "23678a0bdd4cacdfe140412ec73004f1",
                        "attributes": {
                            "domain": "tapglue.com",
                            "hostname": "gambify.tapglue.com",
                            "id": "23678a0bdd4cacdfe140412ec73004f1",
                            "name": "gambify",
                            "priority": "0",
                            "proxied": "true",
                            "ttl": "1",
                            "type": "CNAME",
                            "value": "gateway-http-744802039.eu-central-1.elb.amazonaws.com",
                            "zone_id": "54ab4aad2f924bd47b0967e984be12a3"
                        },
                        "meta": {
                            "schema_version": "1"
                        },
                        "tainted": false
                    },
                    "deposed": [],
                    "provider": ""
                },
                "cloudflare_record.gateway-http": {
                    "type": "cloudflare_record",
                    "depends_on": [
                        "aws_elb.gateway-http"
                    ],
                    "primary": {
                        "id": "cbb09650cca2e34c90d8fc29a80e23b2",
                        "attributes": {
                            "domain": "tapglue.com",
                            "hostname": "gateway-http.tapglue.com",
                            "id": "cbb09650cca2e34c90d8fc29a80e23b2",
                            "name": "gateway-http",
                            "priority": "0",
                            "proxied": "true",
                            "ttl": "1",
                            "type": "CNAME",
                            "value": "gateway-http-744802039.eu-central-1.elb.amazonaws.com",
                            "zone_id": "54ab4aad2f924bd47b0967e984be12a3"
                        },
                        "meta": {
                            "schema_version": "1"
                        },
                        "tainted": false
                    },
                    "deposed": [],
                    "provider": ""
                },
                "cloudflare_record.monitoring": {
                    "type": "cloudflare_record",
                    "depends_on": [
                        "aws_elb.monitoring"
                    ],
                    "primary": {
                        "id": "e4ebcbe2013d5484de2f9e61ef774b60",
                        "attributes": {
                            "domain": "tapglue.com",
                            "hostname": "monitoring-prod-legacy-eu-central-1.tapglue.com",
                            "id": "e4ebcbe2013d5484de2f9e61ef774b60",
                            "name": "monitoring-prod-legacy-eu-central-1",
                            "priority": "0",
                            "proxied": "true",
                            "ttl": "1",
                            "type": "CNAME",
                            "value": "monitoring-141426228.eu-central-1.elb.amazonaws.com",
                            "zone_id": "54ab4aad2f924bd47b0967e984be12a3"
                        },
                        "meta": {
                            "schema_version": "1"
                        },
                        "tainted": false
                    },
                    "deposed": [],
                    "provider": ""
                },
                "cloudflare_record.monitoring-old": {
                    "type": "cloudflare_record",
                    "depends_on": [
                        "aws_elb.monitoring"
                    ],
                    "primary": {
                        "id": "eac087469f96b266ee013386ad3f3a05",
                        "attributes": {
                            "domain": "tapglue.com",
                            "hostname": "monitoring.tapglue.com",
                            "id": "eac087469f96b266ee013386ad3f3a05",
                            "name": "monitoring",
                            "priority": "0",
                            "proxied": "true",
                            "ttl": "1",
                            "type": "CNAME",
                            "value": "monitoring-141426228.eu-central-1.elb.amazonaws.com",
                            "zone_id": "54ab4aad2f924bd47b0967e984be12a3"
                        },
                        "meta": {
                            "schema_version": "1"
                        },
                        "tainted": false
                    },
                    "deposed": [],
                    "provider": ""
                },
                "cloudflare_record.peekeet": {
                    "type": "cloudflare_record",
                    "depends_on": [
                        "aws_elb.gateway-http"
                    ],
                    "primary": {
                        "id": "7794cbf4263fa623e1d6706604c72ad7",
                        "attributes": {
                            "domain": "tapglue.com",
                            "hostname": "peekeet.tapglue.com",
                            "id": "7794cbf4263fa623e1d6706604c72ad7",
                            "name": "peekeet",
                            "priority": "0",
                            "proxied": "true",
                            "ttl": "1",
                            "type": "CNAME",
                            "value": "gateway-http-744802039.eu-central-1.elb.amazonaws.com",
                            "zone_id": "54ab4aad2f924bd47b0967e984be12a3"
                        },
                        "meta": {
                            "schema_version": "1"
                        },
                        "tainted": false
                    },
                    "deposed": [],
                    "provider": ""
                },
                "cloudflare_record.stepz": {
                    "type": "cloudflare_record",
                    "depends_on": [
                        "aws_elb.gateway-http"
                    ],
                    "primary": {
                        "id": "51babbff58c14860d07411ff06656bb7",
                        "attributes": {
                            "domain": "tapglue.com",
                            "hostname": "stepz.tapglue.com",
                            "id": "51babbff58c14860d07411ff06656bb7",
                            "name": "stepz",
                            "priority": "0",
                            "proxied": "true",
                            "ttl": "1",
                            "type": "CNAME",
                            "value": "gateway-http-744802039.eu-central-1.elb.amazonaws.com",
                            "zone_id": "54ab4aad2f924bd47b0967e984be12a3"
                        },
                        "meta": {
                            "schema_version": "1"
                        },
                        "tainted": false
                    },
                    "deposed": [],
                    "provider": ""
                },
                "cloudflare_record.styleguide-prod": {
                    "type": "cloudflare_record",
                    "depends_on": [
                        "aws_elb.corporate"
                    ],
                    "primary": {
                        "id": "8f87ecd8eca98ea8e58ae36f810053b9",
                        "attributes": {
                            "domain": "tapglue.com",
                            "hostname": "styleguide.tapglue.com",
                            "id": "8f87ecd8eca98ea8e58ae36f810053b9",
                            "name": "styleguide",
                            "priority": "0",
                            "proxied": "true",
                            "ttl": "1",
                            "type": "CNAME",
                            "value": "corporate-prod-2054281276.eu-central-1.elb.amazonaws.com",
                            "zone_id": "54ab4aad2f924bd47b0967e984be12a3"
                        },
                        "meta": {
                            "schema_version": "1"
                        },
                        "tainted": false
                    },
                    "deposed": [],
                    "provider": ""
                },
                "cloudflare_record.umake": {
                    "type": "cloudflare_record",
                    "depends_on": [
                        "aws_elb.gateway-http"
                    ],
                    "primary": {
                        "id": "eb7580728fd4e0a9889cae62b31d8f3c",
                        "attributes": {
                            "domain": "tapglue.com",
                            "hostname": "umake.tapglue.com",
                            "id": "eb7580728fd4e0a9889cae62b31d8f3c",
                            "name": "umake",
                            "priority": "0",
                            "proxied": "true",
                            "ttl": "1",
                            "type": "CNAME",
                            "value": "gateway-http-744802039.eu-central-1.elb.amazonaws.com",
                            "zone_id": "54ab4aad2f924bd47b0967e984be12a3"
                        },
                        "meta": {
                            "schema_version": "1"
                        },
                        "tainted": false
                    },
                    "deposed": [],
                    "provider": ""
                },
                "cloudflare_record.website-prod": {
                    "type": "cloudflare_record",
                    "depends_on": [
                        "aws_elb.corporate"
                    ],
                    "primary": {
                        "id": "ae08fcd40e0f4d7e0c9d7bea2da77378",
                        "attributes": {
                            "domain": "tapglue.com",
                            "hostname": "website-prod.tapglue.com",
                            "id": "ae08fcd40e0f4d7e0c9d7bea2da77378",
                            "name": "website-prod",
                            "priority": "0",
                            "proxied": "true",
                            "ttl": "1",
                            "type": "CNAME",
                            "value": "corporate-prod-2054281276.eu-central-1.elb.amazonaws.com",
                            "zone_id": "54ab4aad2f924bd47b0967e984be12a3"
                        },
                        "meta": {
                            "schema_version": "1"
                        },
                        "tainted": false
                    },
                    "deposed": [],
                    "provider": ""
                }
            },
            "depends_on": []
        }
    ]
}
